{
  "pins" : [
    {
      "identity" : "materialactivityindicator",
      "kind" : "remoteSourceControl",
      "location" : "https://github.com/nspavlo/MaterialActivityIndicator",
      "state" : {
        "revision" : "9ed85a25d1870c57f3c3934425ebcdc5aea68736",
        "version" : "0.0.7"
      }
    },
    {
      "identity" : "swiftalertview",
      "kind" : "remoteSourceControl",
      "location" : "https://github.com/dinhquan/SwiftAlertView",
      "state" : {
        "revision" : "601c049861691ea3578e3812d1e9cd548cf46f48",
        "version" : "2.2.1"
      }
    }
  ],
  "version" : 2
}
