// !$*UTF8*$!
{
	archiveVersion = 1;
	classes = {
	};
	objectVersion = 50;
	objects = {

/* Begin PBXBuildFile section */
		3C256DAB27DE273B00419281 /* AppDelegate.swift in Sources */ = {isa = PBXBuildFile; fileRef = 3C256DAA27DE273B00419281 /* AppDelegate.swift */; };
		3C256DAD27DE273B00419281 /* SceneDelegate.swift in Sources */ = {isa = PBXBuildFile; fileRef = 3C256DAC27DE273B00419281 /* SceneDelegate.swift */; };
		3C256DB227DE273B00419281 /* Main.storyboard in Resources */ = {isa = PBXBuildFile; fileRef = 3C256DB027DE273B00419281 /* Main.storyboard */; };
		3C256DB427DE273E00419281 /* Assets.xcassets in Resources */ = {isa = PBXBuildFile; fileRef = 3C256DB327DE273E00419281 /* Assets.xcassets */; };
		3C256DB727DE273E00419281 /* LaunchScreen.storyboard in Resources */ = {isa = PBXBuildFile; fileRef = 3C256DB527DE273E00419281 /* LaunchScreen.storyboard */; };
		3C256DD627DE288000419281 /* PostLocationResponse.swift in Sources */ = {isa = PBXBuildFile; fileRef = 3C256DC127DE288000419281 /* PostLocationResponse.swift */; };
		3C256DD727DE288000419281 /* LogoutResponse.swift in Sources */ = {isa = PBXBuildFile; fileRef = 3C256DC227DE288000419281 /* LogoutResponse.swift */; };
		3C256DD827DE288000419281 /* StudentLocationResponse.swift in Sources */ = {isa = PBXBuildFile; fileRef = 3C256DC327DE288000419281 /* StudentLocationResponse.swift */; };
		3C256DD927DE288000419281 /* UserModel.swift in Sources */ = {isa = PBXBuildFile; fileRef = 3C256DC427DE288000419281 /* UserModel.swift */; };
		3C256DDA27DE288000419281 /* LoginResponse.swift in Sources */ = {isa = PBXBuildFile; fileRef = 3C256DC527DE288000419281 /* LoginResponse.swift */; };
		3C256DDB27DE288000419281 /* BaseResponse.swift in Sources */ = {isa = PBXBuildFile; fileRef = 3C256DC627DE288000419281 /* BaseResponse.swift */; };
		3C256DDC27DE288000419281 /* RefreshableProtocol.swift in Sources */ = {isa = PBXBuildFile; fileRef = 3C256DC727DE288000419281 /* RefreshableProtocol.swift */; };
		3C256DDD27DE288000419281 /* NetworkClient.swift in Sources */ = {isa = PBXBuildFile; fileRef = 3C256DC927DE288000419281 /* NetworkClient.swift */; };
		3C256DDE27DE288000419281 /* LoginRequest.swift in Sources */ = {isa = PBXBuildFile; fileRef = 3C256DCB27DE288000419281 /* LoginRequest.swift */; };
		3C256DE027DE288000419281 /* PostLocationVC.swift in Sources */ = {isa = PBXBuildFile; fileRef = 3C256DCF27DE288000419281 /* PostLocationVC.swift */; };
		3C256DE127DE288000419281 /* StudentListVC.swift in Sources */ = {isa = PBXBuildFile; fileRef = 3C256DD027DE288000419281 /* StudentListVC.swift */; };
		3C256DE227DE288000419281 /* SubmitVC.swift in Sources */ = {isa = PBXBuildFile; fileRef = 3C256DD127DE288000419281 /* SubmitVC.swift */; };
		3C256DE327DE288000419281 /* StudentMapVC.swift in Sources */ = {isa = PBXBuildFile; fileRef = 3C256DD227DE288000419281 /* StudentMapVC.swift */; };
		3C256DE427DE288000419281 /* LoginVC.swift in Sources */ = {isa = PBXBuildFile; fileRef = 3C256DD327DE288000419281 /* LoginVC.swift */; };
		3C256DE527DE288000419281 /* TabBarVC.swift in Sources */ = {isa = PBXBuildFile; fileRef = 3C256DD427DE288000419281 /* TabBarVC.swift */; };
		3C256DEA27DE298100419281 /* BaseVC.swift in Sources */ = {isa = PBXBuildFile; fileRef = 3C256DE927DE298100419281 /* BaseVC.swift */; };
		3C256E5C27E0D0D600419281 /* UIKit.framework in Frameworks */ = {isa = PBXBuildFile; fileRef = 3C256E5927E0D0C600419281 /* UIKit.framework */; };
/* End PBXBuildFile section */

/* Begin PBXFileReference section */
		3C256DA727DE273B00419281 /* OnTheMap.app */ = {isa = PBXFileReference; explicitFileType = wrapper.application; includeInIndex = 0; path = OnTheMap.app; sourceTree = BUILT_PRODUCTS_DIR; };
		3C256DAA27DE273B00419281 /* AppDelegate.swift */ = {isa = PBXFileReference; lastKnownFileType = sourcecode.swift; path = AppDelegate.swift; sourceTree = "<group>"; };
		3C256DAC27DE273B00419281 /* SceneDelegate.swift */ = {isa = PBXFileReference; lastKnownFileType = sourcecode.swift; path = SceneDelegate.swift; sourceTree = "<group>"; };
		3C256DB127DE273B00419281 /* Base */ = {isa = PBXFileReference; lastKnownFileType = file.storyboard; name = Base; path = Base.lproj/Main.storyboard; sourceTree = "<group>"; };
		3C256DB327DE273E00419281 /* Assets.xcassets */ = {isa = PBXFileReference; lastKnownFileType = folder.assetcatalog; path = Assets.xcassets; sourceTree = "<group>"; };
		3C256DB627DE273E00419281 /* Base */ = {isa = PBXFileReference; lastKnownFileType = file.storyboard; name = Base; path = Base.lproj/LaunchScreen.storyboard; sourceTree = "<group>"; };
		3C256DB827DE273E00419281 /* Info.plist */ = {isa = PBXFileReference; lastKnownFileType = text.plist.xml; path = Info.plist; sourceTree = "<group>"; };
		3C256DC127DE288000419281 /* PostLocationResponse.swift */ = {isa = PBXFileReference; fileEncoding = 4; lastKnownFileType = sourcecode.swift; path = PostLocationResponse.swift; sourceTree = "<group>"; };
		3C256DC227DE288000419281 /* LogoutResponse.swift */ = {isa = PBXFileReference; fileEncoding = 4; lastKnownFileType = sourcecode.swift; path = LogoutResponse.swift; sourceTree = "<group>"; };
		3C256DC327DE288000419281 /* StudentLocationResponse.swift */ = {isa = PBXFileReference; fileEncoding = 4; lastKnownFileType = sourcecode.swift; path = StudentLocationResponse.swift; sourceTree = "<group>"; };
		3C256DC427DE288000419281 /* UserModel.swift */ = {isa = PBXFileReference; fileEncoding = 4; lastKnownFileType = sourcecode.swift; path = UserModel.swift; sourceTree = "<group>"; };
		3C256DC527DE288000419281 /* LoginResponse.swift */ = {isa = PBXFileReference; fileEncoding = 4; lastKnownFileType = sourcecode.swift; path = LoginResponse.swift; sourceTree = "<group>"; };
		3C256DC627DE288000419281 /* BaseResponse.swift */ = {isa = PBXFileReference; fileEncoding = 4; lastKnownFileType = sourcecode.swift; path = BaseResponse.swift; sourceTree = "<group>"; };
		3C256DC727DE288000419281 /* RefreshableProtocol.swift */ = {isa = PBXFileReference; fileEncoding = 4; lastKnownFileType = sourcecode.swift; path = RefreshableProtocol.swift; sourceTree = "<group>"; };
		3C256DC927DE288000419281 /* NetworkClient.swift */ = {isa = PBXFileReference; fileEncoding = 4; lastKnownFileType = sourcecode.swift; path = NetworkClient.swift; sourceTree = "<group>"; };
		3C256DCB27DE288000419281 /* LoginRequest.swift */ = {isa = PBXFileReference; fileEncoding = 4; lastKnownFileType = sourcecode.swift; path = LoginRequest.swift; sourceTree = "<group>"; };
		3C256DCF27DE288000419281 /* PostLocationVC.swift */ = {isa = PBXFileReference; fileEncoding = 4; lastKnownFileType = sourcecode.swift; path = PostLocationVC.swift; sourceTree = "<group>"; };
		3C256DD027DE288000419281 /* StudentListVC.swift */ = {isa = PBXFileReference; fileEncoding = 4; lastKnownFileType = sourcecode.swift; path = StudentListVC.swift; sourceTree = "<group>"; };
		3C256DD127DE288000419281 /* SubmitVC.swift */ = {isa = PBXFileReference; fileEncoding = 4; lastKnownFileType = sourcecode.swift; path = SubmitVC.swift; sourceTree = "<group>"; };
		3C256DD227DE288000419281 /* StudentMapVC.swift */ = {isa = PBXFileReference; fileEncoding = 4; lastKnownFileType = sourcecode.swift; path = StudentMapVC.swift; sourceTree = "<group>"; };
		3C256DD327DE288000419281 /* LoginVC.swift */ = {isa = PBXFileReference; fileEncoding = 4; lastKnownFileType = sourcecode.swift; path = LoginVC.swift; sourceTree = "<group>"; };
		3C256DD427DE288000419281 /* TabBarVC.swift */ = {isa = PBXFileReference; fileEncoding = 4; lastKnownFileType = sourcecode.swift; path = TabBarVC.swift; sourceTree = "<group>"; };
		3C256DE927DE298100419281 /* BaseVC.swift */ = {isa = PBXFileReference; lastKnownFileType = sourcecode.swift; path = BaseVC.swift; sourceTree = "<group>"; };
		3C256E5927E0D0C600419281 /* UIKit.framework */ = {isa = PBXFileReference; lastKnownFileType = wrapper.framework; name = UIKit.framework; path = System/Library/Frameworks/UIKit.framework; sourceTree = SDKROOT; };
/* End PBXFileReference section */

/* Begin PBXFrameworksBuildPhase section */
		3C256DA427DE273B00419281 /* Frameworks */ = {
			isa = PBXFrameworksBuildPhase;
			buildActionMask = 2147483647;
			files = (
				3C256E5C27E0D0D600419281 /* UIKit.framework in Frameworks */,
			);
			runOnlyForDeploymentPostprocessing = 0;
		};
/* End PBXFrameworksBuildPhase section */

/* Begin PBXGroup section */
		3C256D9E27DE273B00419281 = {
			isa = PBXGroup;
			children = (
				3C256DA927DE273B00419281 /* OnTheMap */,
				3C256DA827DE273B00419281 /* Products */,
				3C256E5827E0D0C600419281 /* Frameworks */,
			);
			sourceTree = "<group>";
		};
		3C256DA827DE273B00419281 /* Products */ = {
			isa = PBXGroup;
			children = (
				3C256DA727DE273B00419281 /* OnTheMap.app */,
			);
			name = Products;
			sourceTree = "<group>";
		};
		3C256DA927DE273B00419281 /* OnTheMap */ = {
			isa = PBXGroup;
			children = (
				3C256DCE27DE288000419281 /* Controller */,
				3C256DBF27DE288000419281 /* Model */,
				3C256DAA27DE273B00419281 /* AppDelegate.swift */,
				3C256DAC27DE273B00419281 /* SceneDelegate.swift */,
				3C256DB027DE273B00419281 /* Main.storyboard */,
				3C256DB327DE273E00419281 /* Assets.xcassets */,
				3C256DB527DE273E00419281 /* LaunchScreen.storyboard */,
				3C256DB827DE273E00419281 /* Info.plist */,
			);
			path = OnTheMap;
			sourceTree = "<group>";
		};
		3C256DBF27DE288000419281 /* Model */ = {
			isa = PBXGroup;
			children = (
				3C256DC027DE288000419281 /* Response */,
				3C256DC727DE288000419281 /* RefreshableProtocol.swift */,
				3C256DC827DE288000419281 /* OnTheMapClient */,
				3C256DCA27DE288000419281 /* Request */,
			);
			path = Model;
			sourceTree = "<group>";
		};
		3C256DC027DE288000419281 /* Response */ = {
			isa = PBXGroup;
			children = (
				3C256DC127DE288000419281 /* PostLocationResponse.swift */,
				3C256DC227DE288000419281 /* LogoutResponse.swift */,
				3C256DC327DE288000419281 /* StudentLocationResponse.swift */,
				3C256DC427DE288000419281 /* UserModel.swift */,
				3C256DC527DE288000419281 /* LoginResponse.swift */,
				3C256DC627DE288000419281 /* BaseResponse.swift */,
			);
			path = Response;
			sourceTree = "<group>";
		};
		3C256DC827DE288000419281 /* OnTheMapClient */ = {
			isa = PBXGroup;
			children = (
				3C256DC927DE288000419281 /* NetworkClient.swift */,
			);
			path = OnTheMapClient;
			sourceTree = "<group>";
		};
		3C256DCA27DE288000419281 /* Request */ = {
			isa = PBXGroup;
			children = (
				3C256DCB27DE288000419281 /* LoginRequest.swift */,
			);
			path = Request;
			sourceTree = "<group>";
		};
		3C256DCE27DE288000419281 /* Controller */ = {
			isa = PBXGroup;
			children = (
				3C256DCF27DE288000419281 /* PostLocationVC.swift */,
				3C256DD027DE288000419281 /* StudentListVC.swift */,
				3C256DD127DE288000419281 /* SubmitVC.swift */,
				3C256DD227DE288000419281 /* StudentMapVC.swift */,
				3C256DD327DE288000419281 /* LoginVC.swift */,
				3C256DD427DE288000419281 /* TabBarVC.swift */,
				3C256DE927DE298100419281 /* BaseVC.swift */,
			);
			path = Controller;
			sourceTree = "<group>";
		};
		3C256E5827E0D0C600419281 /* Frameworks */ = {
			isa = PBXGroup;
			children = (
				3C256E5927E0D0C600419281 /* UIKit.framework */,
			);
			name = Frameworks;
			sourceTree = "<group>";
		};
/* End PBXGroup section */

/* Begin PBXNativeTarget section */
		3C256DA627DE273B00419281 /* OnTheMap */ = {
			isa = PBXNativeTarget;
			buildConfigurationList = 3C256DBB27DE273E00419281 /* Build configuration list for PBXNativeTarget "OnTheMap" */;
			buildPhases = (
				3C256DA327DE273B00419281 /* Sources */,
				3C256DA427DE273B00419281 /* Frameworks */,
				3C256DA527DE273B00419281 /* Resources */,
			);
			buildRules = (
			);
			dependencies = (
			);
			name = OnTheMap;
			productName = OnTheMap;
			productReference = 3C256DA727DE273B00419281 /* OnTheMap.app */;
			productType = "com.apple.product-type.application";
		};
/* End PBXNativeTarget section */

/* Begin PBXProject section */
		3C256D9F27DE273B00419281 /* Project object */ = {
			isa = PBXProject;
			attributes = {
				LastSwiftUpdateCheck = 1240;
				LastUpgradeCheck = 1240;
				TargetAttributes = {
					3C256DA627DE273B00419281 = {
						CreatedOnToolsVersion = 12.4;
					};
				};
			};
			buildConfigurationList = 3C256DA227DE273B00419281 /* Build configuration list for PBXProject "OnTheMap" */;
			compatibilityVersion = "Xcode 9.3";
			developmentRegion = en;
			hasScannedForEncodings = 0;
			knownRegions = (
				en,
				Base,
			);
			mainGroup = 3C256D9E27DE273B00419281;
			productRefGroup = 3C256DA827DE273B00419281 /* Products */;
			projectDirPath = "";
			projectRoot = "";
			targets = (
				3C256DA627DE273B00419281 /* OnTheMap */,
			);
		};
/* End PBXProject section */

/* Begin PBXResourcesBuildPhase section */
		3C256DA527DE273B00419281 /* Resources */ = {
			isa = PBXResourcesBuildPhase;
			buildActionMask = 2147483647;
			files = (
				3C256DB727DE273E00419281 /* LaunchScreen.storyboard in Resources */,
				3C256DB427DE273E00419281 /* Assets.xcassets in Resources */,
				3C256DB227DE273B00419281 /* Main.storyboard in Resources */,
			);
			runOnlyForDeploymentPostprocessing = 0;
		};
/* End PBXResourcesBuildPhase section */

/* Begin PBXSourcesBuildPhase section */
		3C256DA327DE273B00419281 /* Sources */ = {
			isa = PBXSourcesBuildPhase;
			buildActionMask = 2147483647;
			files = (
				3C256DE427DE288000419281 /* LoginVC.swift in Sources */,
				3C256DDB27DE288000419281 /* BaseResponse.swift in Sources */,
				3C256DD927DE288000419281 /* UserModel.swift in Sources */,
				3C256DEA27DE298100419281 /* BaseVC.swift in Sources */,
				3C256DE027DE288000419281 /* PostLocationVC.swift in Sources */,
				3C256DDE27DE288000419281 /* LoginRequest.swift in Sources */,
				3C256DDC27DE288000419281 /* RefreshableProtocol.swift in Sources */,
				3C256DD827DE288000419281 /* StudentLocationResponse.swift in Sources */,
				3C256DE227DE288000419281 /* SubmitVC.swift in Sources */,
				3C256DAB27DE273B00419281 /* AppDelegate.swift in Sources */,
				3C256DAD27DE273B00419281 /* SceneDelegate.swift in Sources */,
				3C256DE127DE288000419281 /* StudentListVC.swift in Sources */,
				3C256DE527DE288000419281 /* TabBarVC.swift in Sources */,
				3C256DE327DE288000419281 /* StudentMapVC.swift in Sources */,
				3C256DD627DE288000419281 /* PostLocationResponse.swift in Sources */,
				3C256DDA27DE288000419281 /* LoginResponse.swift in Sources */,
				3C256DDD27DE288000419281 /* NetworkClient.swift in Sources */,
				3C256DD727DE288000419281 /* LogoutResponse.swift in Sources */,
			);
			runOnlyForDeploymentPostprocessing = 0;
		};
/* End PBXSourcesBuildPhase section */

/* Begin PBXVariantGroup section */
		3C256DB027DE273B00419281 /* Main.storyboard */ = {
			isa = PBXVariantGroup;
			children = (
				3C256DB127DE273B00419281 /* Base */,
			);
			name = Main.storyboard;
			sourceTree = "<group>";
		};
		3C256DB527DE273E00419281 /* LaunchScreen.storyboard */ = {
			isa = PBXVariantGroup;
			children = (
				3C256DB627DE273E00419281 /* Base */,
			);
			name = LaunchScreen.storyboard;
			sourceTree = "<group>";
		};
/* End PBXVariantGroup section */

/* Begin XCBuildConfiguration section */
		3C256DB927DE273E00419281 /* Debug */ = {
			isa = XCBuildConfiguration;
			buildSettings = {
				ALWAYS_SEARCH_USER_PATHS = NO;
				CLANG_ANALYZER_NONNULL = YES;
				CLANG_ANALYZER_NUMBER_OBJECT_CONVERSION = YES_AGGRESSIVE;
				CLANG_CXX_LANGUAGE_STANDARD = "gnu++14";
				CLANG_CXX_LIBRARY = "libc++";
				CLANG_ENABLE_MODULES = YES;
				CLANG_ENABLE_OBJC_ARC = YES;
				CLANG_ENABLE_OBJC_WEAK = YES;
				CLANG_WARN_BLOCK_CAPTURE_AUTORELEASING = YES;
				CLANG_WARN_BOOL_CONVERSION = YES;
				CLANG_WARN_COMMA = YES;
				CLANG_WARN_CONSTANT_CONVERSION = YES;
				CLANG_WARN_DEPRECATED_OBJC_IMPLEMENTATIONS = YES;
				CLANG_WARN_DIRECT_OBJC_ISA_USAGE = YES_ERROR;
				CLANG_WARN_DOCUMENTATION_COMMENTS = YES;
				CLANG_WARN_EMPTY_BODY = YES;
				CLANG_WARN_ENUM_CONVERSION = YES;
				CLANG_WARN_INFINITE_RECURSION = YES;
				CLANG_WARN_INT_CONVERSION = YES;
				CLANG_WARN_NON_LITERAL_NULL_CONVERSION = YES;
				CLANG_WARN_OBJC_IMPLICIT_RETAIN_SELF = YES;
				CLANG_WARN_OBJC_LITERAL_CONVERSION = YES;
				CLANG_WARN_OBJC_ROOT_CLASS = YES_ERROR;
				CLANG_WARN_QUOTED_INCLUDE_IN_FRAMEWORK_HEADER = YES;
				CLANG_WARN_RANGE_LOOP_ANALYSIS = YES;
				CLANG_WARN_STRICT_PROTOTYPES = YES;
				CLANG_WARN_SUSPICIOUS_MOVE = YES;
				CLANG_WARN_UNGUARDED_AVAILABILITY = YES_AGGRESSIVE;
				CLANG_WARN_UNREACHABLE_CODE = YES;
				CLANG_WARN__DUPLICATE_METHOD_MATCH = YES;
				COPY_PHASE_STRIP = NO;
				DEBUG_INFORMATION_FORMAT = dwarf;
				ENABLE_STRICT_OBJC_MSGSEND = YES;
				ENABLE_TESTABILITY = YES;
				GCC_C_LANGUAGE_STANDARD = gnu11;
				GCC_DYNAMIC_NO_PIC = NO;
				GCC_NO_COMMON_BLOCKS = YES;
				GCC_OPTIMIZATION_LEVEL = 0;
				GCC_PREPROCESSOR_DEFINITIONS = (
					"DEBUG=1",
					"$(inherited)",
				);
				GCC_WARN_64_TO_32_BIT_CONVERSION = YES;
				GCC_WARN_ABOUT_RETURN_TYPE = YES_ERROR;
				GCC_WARN_UNDECLARED_SELECTOR = YES;
				GCC_WARN_UNINITIALIZED_AUTOS = YES_AGGRESSIVE;
				GCC_WARN_UNUSED_FUNCTION = YES;
				GCC_WARN_UNUSED_VARIABLE = YES;
				IPHONEOS_DEPLOYMENT_TARGET = 14.4;
				MTL_ENABLE_DEBUG_INFO = INCLUDE_SOURCE;
				MTL_FAST_MATH = YES;
				ONLY_ACTIVE_ARCH = YES;
				SDKROOT = iphoneos;
				SWIFT_ACTIVE_COMPILATION_CONDITIONS = DEBUG;
				SWIFT_OPTIMIZATION_LEVEL = "-Onone";
			};
			name = Debug;
		};
		3C256DBA27DE273E00419281 /* Release */ = {
			isa = XCBuildConfiguration;
			buildSettings = {
				ALWAYS_SEARCH_USER_PATHS = NO;
				CLANG_ANALYZER_NONNULL = YES;
				CLANG_ANALYZER_NUMBER_OBJECT_CONVERSION = YES_AGGRESSIVE;
				CLANG_CXX_LANGUAGE_STANDARD = "gnu++14";
				CLANG_CXX_LIBRARY = "libc++";
				CLANG_ENABLE_MODULES = YES;
				CLANG_ENABLE_OBJC_ARC = YES;
				CLANG_ENABLE_OBJC_WEAK = YES;
				CLANG_WARN_BLOCK_CAPTURE_AUTORELEASING = YES;
				CLANG_WARN_BOOL_CONVERSION = YES;
				CLANG_WARN_COMMA = YES;
				CLANG_WARN_CONSTANT_CONVERSION = YES;
				CLANG_WARN_DEPRECATED_OBJC_IMPLEMENTATIONS = YES;
				CLANG_WARN_DIRECT_OBJC_ISA_USAGE = YES_ERROR;
				CLANG_WARN_DOCUMENTATION_COMMENTS = YES;
				CLANG_WARN_EMPTY_BODY = YES;
				CLANG_WARN_ENUM_CONVERSION = YES;
				CLANG_WARN_INFINITE_RECURSION = YES;
				CLANG_WARN_INT_CONVERSION = YES;
				CLANG_WARN_NON_LITERAL_NULL_CONVERSION = YES;
				CLANG_WARN_OBJC_IMPLICIT_RETAIN_SELF = YES;
				CLANG_WARN_OBJC_LITERAL_CONVERSION = YES;
				CLANG_WARN_OBJC_ROOT_CLASS = YES_ERROR;
				CLANG_WARN_QUOTED_INCLUDE_IN_FRAMEWORK_HEADER = YES;
				CLANG_WARN_RANGE_LOOP_ANALYSIS = YES;
				CLANG_WARN_STRICT_PROTOTYPES = YES;
				CLANG_WARN_SUSPICIOUS_MOVE = YES;
				CLANG_WARN_UNGUARDED_AVAILABILITY = YES_AGGRESSIVE;
				CLANG_WARN_UNREACHABLE_CODE = YES;
				CLANG_WARN__DUPLICATE_METHOD_MATCH = YES;
				COPY_PHASE_STRIP = NO;
				DEBUG_INFORMATION_FORMAT = "dwarf-with-dsym";
				ENABLE_NS_ASSERTIONS = NO;
				ENABLE_STRICT_OBJC_MSGSEND = YES;
				GCC_C_LANGUAGE_STANDARD = gnu11;
				GCC_NO_COMMON_BLOCKS = YES;
				GCC_WARN_64_TO_32_BIT_CONVERSION = YES;
				GCC_WARN_ABOUT_RETURN_TYPE = YES_ERROR;
				GCC_WARN_UNDECLARED_SELECTOR = YES;
				GCC_WARN_UNINITIALIZED_AUTOS = YES_AGGRESSIVE;
				GCC_WARN_UNUSED_FUNCTION = YES;
				GCC_WARN_UNUSED_VARIABLE = YES;
				IPHONEOS_DEPLOYMENT_TARGET = 14.4;
				MTL_ENABLE_DEBUG_INFO = NO;
				MTL_FAST_MATH = YES;
				SDKROOT = iphoneos;
				SWIFT_COMPILATION_MODE = wholemodule;
				SWIFT_OPTIMIZATION_LEVEL = "-O";
				VALIDATE_PRODUCT = YES;
			};
			name = Release;
		};
		3C256DBC27DE273E00419281 /* Debug */ = {
			isa = XCBuildConfiguration;
			buildSettings = {
				ASSETCATALOG_COMPILER_APPICON_NAME = AppIcon;
				ASSETCATALOG_COMPILER_GLOBAL_ACCENT_COLOR_NAME = AccentColor;
				CODE_SIGN_STYLE = Automatic;
				INFOPLIST_FILE = OnTheMap/Info.plist;
				LD_RUNPATH_SEARCH_PATHS = (
					"$(inherited)",
					"@executable_path/Frameworks",
				);
				PRODUCT_BUNDLE_IDENTIFIER = com.education.OnTheMap;
				PRODUCT_NAME = "$(TARGET_NAME)";
				SWIFT_VERSION = 5.0;
				TARGETED_DEVICE_FAMILY = "1,2";
			};
			name = Debug;
		};
		3C256DBD27DE273E00419281 /* Release */ = {
			isa = XCBuildConfiguration;
			buildSettings = {
				ASSETCATALOG_COMPILER_APPICON_NAME = AppIcon;
				ASSETCATALOG_COMPILER_GLOBAL_ACCENT_COLOR_NAME = AccentColor;
				CODE_SIGN_STYLE = Automatic;
				INFOPLIST_FILE = OnTheMap/Info.plist;
				LD_RUNPATH_SEARCH_PATHS = (
					"$(inherited)",
					"@executable_path/Frameworks",
				);
				PRODUCT_BUNDLE_IDENTIFIER = com.education.OnTheMap;
				PRODUCT_NAME = "$(TARGET_NAME)";
				SWIFT_VERSION = 5.0;
				TARGETED_DEVICE_FAMILY = "1,2";
			};
			name = Release;
		};
/* End XCBuildConfiguration section */

/* Begin XCConfigurationList section */
		3C256DA227DE273B00419281 /* Build configuration list for PBXProject "OnTheMap" */ = {
			isa = XCConfigurationList;
			buildConfigurations = (
				3C256DB927DE273E00419281 /* Debug */,
				3C256DBA27DE273E00419281 /* Release */,
			);
			defaultConfigurationIsVisible = 0;
			defaultConfigurationName = Release;
		};
		3C256DBB27DE273E00419281 /* Build configuration list for PBXNativeTarget "OnTheMap" */ = {
			isa = XCConfigurationList;
			buildConfigurations = (
				3C256DBC27DE273E00419281 /* Debug */,
				3C256DBD27DE273E00419281 /* Release */,
			);
			defaultConfigurationIsVisible = 0;
			defaultConfigurationName = Release;
		};
/* End XCConfigurationList section */
	};
	rootObject = 3C256D9F27DE273B00419281 /* Project object */;
}
