// !$*UTF8*$!
{
	archiveVersion = 1;
	classes = {
	};
	objectVersion = 56;
	objects = {

/* Begin PBXBuildFile section */
		CB3ECFF72928DBAE00E87C87 /* AppDelegate.swift in Sources */ = {isa = PBXBuildFile; fileRef = CB3ECFF62928DBAE00E87C87 /* AppDelegate.swift */; };
		CB3ECFF92928DBAE00E87C87 /* SceneDelegate.swift in Sources */ = {isa = PBXBuildFile; fileRef = CB3ECFF82928DBAE00E87C87 /* SceneDelegate.swift */; };
		CB3ECFFB2928DBAE00E87C87 /* ViewController.swift in Sources */ = {isa = PBXBuildFile; fileRef = CB3ECFFA2928DBAE00E87C87 /* ViewController.swift */; };
		CB3ECFFE2928DBAE00E87C87 /* Main.storyboard in Resources */ = {isa = PBXBuildFile; fileRef = CB3ECFFC2928DBAE00E87C87 /* Main.storyboard */; };
		CB3ED0002928DBB000E87C87 /* Assets.xcassets in Resources */ = {isa = PBXBuildFile; fileRef = CB3ECFFF2928DBB000E87C87 /* Assets.xcassets */; };
		CB3ED0032928DBB000E87C87 /* LaunchScreen.storyboard in Resources */ = {isa = PBXBuildFile; fileRef = CB3ED0012928DBB000E87C87 /* LaunchScreen.storyboard */; };
		CB3ED00C2928DC0200E87C87 /* TabbarExampleViewController.swift in Sources */ = {isa = PBXBuildFile; fileRef = CB3ED00B2928DC0200E87C87 /* TabbarExampleViewController.swift */; };
		CB3ED00E2928DC6400E87C87 /* FirstViewController.swift in Sources */ = {isa = PBXBuildFile; fileRef = CB3ED00D2928DC6400E87C87 /* FirstViewController.swift */; };
		CB3ED0102928DC7500E87C87 /* SecondViewController.swift in Sources */ = {isa = PBXBuildFile; fileRef = CB3ED00F2928DC7500E87C87 /* SecondViewController.swift */; };
		CB3ED0132928DFA000E87C87 /* WebViewExampleViewController.swift in Sources */ = {isa = PBXBuildFile; fileRef = CB3ED0122928DFA000E87C87 /* WebViewExampleViewController.swift */; };
		CB3ED0162928E28E00E87C87 /* PageExampleViewController.swift in Sources */ = {isa = PBXBuildFile; fileRef = CB3ED0152928E28E00E87C87 /* PageExampleViewController.swift */; };
		CB3ED0182928E30500E87C87 /* BlueViewController.swift in Sources */ = {isa = PBXBuildFile; fileRef = CB3ED0172928E30500E87C87 /* BlueViewController.swift */; };
		CB3ED01A2928E31500E87C87 /* RedViewController.swift in Sources */ = {isa = PBXBuildFile; fileRef = CB3ED0192928E31500E87C87 /* RedViewController.swift */; };
		CB3ED01C2928E31F00E87C87 /* GreenViewController.swift in Sources */ = {isa = PBXBuildFile; fileRef = CB3ED01B2928E31F00E87C87 /* GreenViewController.swift */; };
		CBA1619A2929FADD001972B4 /* MapKitViewController.swift in Sources */ = {isa = PBXBuildFile; fileRef = CBA161992929FADD001972B4 /* MapKitViewController.swift */; };
		CBA161ED292A59C2001972B4 /* Stadium.swift in Sources */ = {isa = PBXBuildFile; fileRef = CBA161EC292A59C2001972B4 /* Stadium.swift */; };
/* End PBXBuildFile section */

/* Begin PBXFileReference section */
		CB3ECFF32928DBAE00E87C87 /* Components.app */ = {isa = PBXFileReference; explicitFileType = wrapper.application; includeInIndex = 0; path = Components.app; sourceTree = BUILT_PRODUCTS_DIR; };
		CB3ECFF62928DBAE00E87C87 /* AppDelegate.swift */ = {isa = PBXFileReference; lastKnownFileType = sourcecode.swift; path = AppDelegate.swift; sourceTree = "<group>"; };
		CB3ECFF82928DBAE00E87C87 /* SceneDelegate.swift */ = {isa = PBXFileReference; lastKnownFileType = sourcecode.swift; path = SceneDelegate.swift; sourceTree = "<group>"; };
		CB3ECFFA2928DBAE00E87C87 /* ViewController.swift */ = {isa = PBXFileReference; lastKnownFileType = sourcecode.swift; path = ViewController.swift; sourceTree = "<group>"; };
		CB3ECFFD2928DBAE00E87C87 /* Base */ = {isa = PBXFileReference; lastKnownFileType = file.storyboard; name = Base; path = Base.lproj/Main.storyboard; sourceTree = "<group>"; };
		CB3ECFFF2928DBB000E87C87 /* Assets.xcassets */ = {isa = PBXFileReference; lastKnownFileType = folder.assetcatalog; path = Assets.xcassets; sourceTree = "<group>"; };
		CB3ED0022928DBB000E87C87 /* Base */ = {isa = PBXFileReference; lastKnownFileType = file.storyboard; name = Base; path = Base.lproj/LaunchScreen.storyboard; sourceTree = "<group>"; };
		CB3ED0042928DBB000E87C87 /* Info.plist */ = {isa = PBXFileReference; lastKnownFileType = text.plist.xml; path = Info.plist; sourceTree = "<group>"; };
		CB3ED00B2928DC0200E87C87 /* TabbarExampleViewController.swift */ = {isa = PBXFileReference; lastKnownFileType = sourcecode.swift; path = TabbarExampleViewController.swift; sourceTree = "<group>"; };
		CB3ED00D2928DC6400E87C87 /* FirstViewController.swift */ = {isa = PBXFileReference; lastKnownFileType = sourcecode.swift; path = FirstViewController.swift; sourceTree = "<group>"; };
		CB3ED00F2928DC7500E87C87 /* SecondViewController.swift */ = {isa = PBXFileReference; lastKnownFileType = sourcecode.swift; path = SecondViewController.swift; sourceTree = "<group>"; };
		CB3ED0122928DFA000E87C87 /* WebViewExampleViewController.swift */ = {isa = PBXFileReference; lastKnownFileType = sourcecode.swift; path = WebViewExampleViewController.swift; sourceTree = "<group>"; };
		CB3ED0152928E28E00E87C87 /* PageExampleViewController.swift */ = {isa = PBXFileReference; lastKnownFileType = sourcecode.swift; path = PageExampleViewController.swift; sourceTree = "<group>"; };
		CB3ED0172928E30500E87C87 /* BlueViewController.swift */ = {isa = PBXFileReference; lastKnownFileType = sourcecode.swift; path = BlueViewController.swift; sourceTree = "<group>"; };
		CB3ED0192928E31500E87C87 /* RedViewController.swift */ = {isa = PBXFileReference; lastKnownFileType = sourcecode.swift; path = RedViewController.swift; sourceTree = "<group>"; };
		CB3ED01B2928E31F00E87C87 /* GreenViewController.swift */ = {isa = PBXFileReference; lastKnownFileType = sourcecode.swift; path = GreenViewController.swift; sourceTree = "<group>"; };
		CBA161992929FADD001972B4 /* MapKitViewController.swift */ = {isa = PBXFileReference; lastKnownFileType = sourcecode.swift; path = MapKitViewController.swift; sourceTree = "<group>"; };
		CBA161EC292A59C2001972B4 /* Stadium.swift */ = {isa = PBXFileReference; lastKnownFileType = sourcecode.swift; path = Stadium.swift; sourceTree = "<group>"; };
/* End PBXFileReference section */

/* Begin PBXFrameworksBuildPhase section */
		CB3ECFF02928DBAE00E87C87 /* Frameworks */ = {
			isa = PBXFrameworksBuildPhase;
			buildActionMask = 2147483647;
			files = (
			);
			runOnlyForDeploymentPostprocessing = 0;
		};
/* End PBXFrameworksBuildPhase section */

/* Begin PBXGroup section */
		CB3ECFEA2928DBAE00E87C87 = {
			isa = PBXGroup;
			children = (
				CB3ECFF52928DBAE00E87C87 /* Components */,
				CB3ECFF42928DBAE00E87C87 /* Products */,
			);
			sourceTree = "<group>";
		};
		CB3ECFF42928DBAE00E87C87 /* Products */ = {
			isa = PBXGroup;
			children = (
				CB3ECFF32928DBAE00E87C87 /* Components.app */,
			);
			name = Products;
			sourceTree = "<group>";
		};
		CB3ECFF52928DBAE00E87C87 /* Components */ = {
			isa = PBXGroup;
			children = (
				CBA161982929FAB9001972B4 /* MapKit */,
				CB3ED0142928E26F00E87C87 /* PageViewController */,
				CB3ED0112928DF8500E87C87 /* WebView */,
				CB3ED00A2928DBCE00E87C87 /* TabbarViewController */,
				CB3ECFF62928DBAE00E87C87 /* AppDelegate.swift */,
				CB3ECFF82928DBAE00E87C87 /* SceneDelegate.swift */,
				CB3ECFFA2928DBAE00E87C87 /* ViewController.swift */,
				CB3ECFFC2928DBAE00E87C87 /* Main.storyboard */,
				CB3ECFFF2928DBB000E87C87 /* Assets.xcassets */,
				CB3ED0012928DBB000E87C87 /* LaunchScreen.storyboard */,
				CB3ED0042928DBB000E87C87 /* Info.plist */,
			);
			path = Components;
			sourceTree = "<group>";
		};
		CB3ED00A2928DBCE00E87C87 /* TabbarViewController */ = {
			isa = PBXGroup;
			children = (
				CB3ED00B2928DC0200E87C87 /* TabbarExampleViewController.swift */,
				CB3ED00D2928DC6400E87C87 /* FirstViewController.swift */,
				CB3ED00F2928DC7500E87C87 /* SecondViewController.swift */,
			);
			path = TabbarViewController;
			sourceTree = "<group>";
		};
		CB3ED0112928DF8500E87C87 /* WebView */ = {
			isa = PBXGroup;
			children = (
				CB3ED0122928DFA000E87C87 /* WebViewExampleViewController.swift */,
			);
			path = WebView;
			sourceTree = "<group>";
		};
		CB3ED0142928E26F00E87C87 /* PageViewController */ = {
			isa = PBXGroup;
			children = (
				CB3ED0152928E28E00E87C87 /* PageExampleViewController.swift */,
				CB3ED0172928E30500E87C87 /* BlueViewController.swift */,
				CB3ED0192928E31500E87C87 /* RedViewController.swift */,
				CB3ED01B2928E31F00E87C87 /* GreenViewController.swift */,
			);
			path = PageViewController;
			sourceTree = "<group>";
		};
		CBA161982929FAB9001972B4 /* MapKit */ = {
			isa = PBXGroup;
			children = (
				CBA161EB292A59B4001972B4 /* Model */,
				CBA161992929FADD001972B4 /* MapKitViewController.swift */,
			);
			path = MapKit;
			sourceTree = "<group>";
		};
		CBA161EB292A59B4001972B4 /* Model */ = {
			isa = PBXGroup;
			children = (
				CBA161EC292A59C2001972B4 /* Stadium.swift */,
			);
			path = Model;
			sourceTree = "<group>";
		};
/* End PBXGroup section */

/* Begin PBXNativeTarget section */
		CB3ECFF22928DBAE00E87C87 /* Components */ = {
			isa = PBXNativeTarget;
			buildConfigurationList = CB3ED0072928DBB000E87C87 /* Build configuration list for PBXNativeTarget "Components" */;
			buildPhases = (
				CB3ECFEF2928DBAE00E87C87 /* Sources */,
				CB3ECFF02928DBAE00E87C87 /* Frameworks */,
				CB3ECFF12928DBAE00E87C87 /* Resources */,
			);
			buildRules = (
			);
			dependencies = (
			);
			name = Components;
			productName = Components;
			productReference = CB3ECFF32928DBAE00E87C87 /* Components.app */;
			productType = "com.apple.product-type.application";
		};
/* End PBXNativeTarget section */

/* Begin PBXProject section */
		CB3ECFEB2928DBAE00E87C87 /* Project object */ = {
			isa = PBXProject;
			attributes = {
				BuildIndependentTargetsInParallel = 1;
				LastSwiftUpdateCheck = 1410;
				LastUpgradeCheck = 1410;
				TargetAttributes = {
					CB3ECFF22928DBAE00E87C87 = {
						CreatedOnToolsVersion = 14.1;
					};
				};
			};
			buildConfigurationList = CB3ECFEE2928DBAE00E87C87 /* Build configuration list for PBXProject "Components" */;
			compatibilityVersion = "Xcode 14.0";
			developmentRegion = en;
			hasScannedForEncodings = 0;
			knownRegions = (
				en,
				Base,
			);
			mainGroup = CB3ECFEA2928DBAE00E87C87;
			productRefGroup = CB3ECFF42928DBAE00E87C87 /* Products */;
			projectDirPath = "";
			projectRoot = "";
			targets = (
				CB3ECFF22928DBAE00E87C87 /* Components */,
			);
		};
/* End PBXProject section */

/* Begin PBXResourcesBuildPhase section */
		CB3ECFF12928DBAE00E87C87 /* Resources */ = {
			isa = PBXResourcesBuildPhase;
			buildActionMask = 2147483647;
			files = (
				CB3ED0032928DBB000E87C87 /* LaunchScreen.storyboard in Resources */,
				CB3ED0002928DBB000E87C87 /* Assets.xcassets in Resources */,
				CB3ECFFE2928DBAE00E87C87 /* Main.storyboard in Resources */,
			);
			runOnlyForDeploymentPostprocessing = 0;
		};
/* End PBXResourcesBuildPhase section */

/* Begin PBXSourcesBuildPhase section */
		CB3ECFEF2928DBAE00E87C87 /* Sources */ = {
			isa = PBXSourcesBuildPhase;
			buildActionMask = 2147483647;
			files = (
				CB3ED01A2928E31500E87C87 /* RedViewController.swift in Sources */,
				CB3ED0102928DC7500E87C87 /* SecondViewController.swift in Sources */,
				CB3ED01C2928E31F00E87C87 /* GreenViewController.swift in Sources */,
				CB3ED0132928DFA000E87C87 /* WebViewExampleViewController.swift in Sources */,
				CB3ED00E2928DC6400E87C87 /* FirstViewController.swift in Sources */,
				CB3ECFFB2928DBAE00E87C87 /* ViewController.swift in Sources */,
				CBA1619A2929FADD001972B4 /* MapKitViewController.swift in Sources */,
				CB3ED00C2928DC0200E87C87 /* TabbarExampleViewController.swift in Sources */,
				CB3ECFF72928DBAE00E87C87 /* AppDelegate.swift in Sources */,
				CBA161ED292A59C2001972B4 /* Stadium.swift in Sources */,
				CB3ED0162928E28E00E87C87 /* PageExampleViewController.swift in Sources */,
				CB3ED0182928E30500E87C87 /* BlueViewController.swift in Sources */,
				CB3ECFF92928DBAE00E87C87 /* SceneDelegate.swift in Sources */,
			);
			runOnlyForDeploymentPostprocessing = 0;
		};
/* End PBXSourcesBuildPhase section */

/* Begin PBXVariantGroup section */
		CB3ECFFC2928DBAE00E87C87 /* Main.storyboard */ = {
			isa = PBXVariantGroup;
			children = (
				CB3ECFFD2928DBAE00E87C87 /* Base */,
			);
			name = Main.storyboard;
			sourceTree = "<group>";
		};
		CB3ED0012928DBB000E87C87 /* LaunchScreen.storyboard */ = {
			isa = PBXVariantGroup;
			children = (
				CB3ED0022928DBB000E87C87 /* Base */,
			);
			name = LaunchScreen.storyboard;
			sourceTree = "<group>";
		};
/* End PBXVariantGroup section */

/* Begin XCBuildConfiguration section */
		CB3ED0052928DBB000E87C87 /* Debug */ = {
			isa = XCBuildConfiguration;
			buildSettings = {
				ALWAYS_SEARCH_USER_PATHS = NO;
				CLANG_ANALYZER_NONNULL = YES;
				CLANG_ANALYZER_NUMBER_OBJECT_CONVERSION = YES_AGGRESSIVE;
				CLANG_CXX_LANGUAGE_STANDARD = "gnu++20";
				CLANG_ENABLE_MODULES = YES;
				CLANG_ENABLE_OBJC_ARC = YES;
				CLANG_ENABLE_OBJC_WEAK = YES;
				CLANG_WARN_BLOCK_CAPTURE_AUTORELEASING = YES;
				CLANG_WARN_BOOL_CONVERSION = YES;
				CLANG_WARN_COMMA = YES;
				CLANG_WARN_CONSTANT_CONVERSION = YES;
				CLANG_WARN_DEPRECATED_OBJC_IMPLEMENTATIONS = YES;
				CLANG_WARN_DIRECT_OBJC_ISA_USAGE = YES_ERROR;
				CLANG_WARN_DOCUMENTATION_COMMENTS = YES;
				CLANG_WARN_EMPTY_BODY = YES;
				CLANG_WARN_ENUM_CONVERSION = YES;
				CLANG_WARN_INFINITE_RECURSION = YES;
				CLANG_WARN_INT_CONVERSION = YES;
				CLANG_WARN_NON_LITERAL_NULL_CONVERSION = YES;
				CLANG_WARN_OBJC_IMPLICIT_RETAIN_SELF = YES;
				CLANG_WARN_OBJC_LITERAL_CONVERSION = YES;
				CLANG_WARN_OBJC_ROOT_CLASS = YES_ERROR;
				CLANG_WARN_QUOTED_INCLUDE_IN_FRAMEWORK_HEADER = YES;
				CLANG_WARN_RANGE_LOOP_ANALYSIS = YES;
				CLANG_WARN_STRICT_PROTOTYPES = YES;
				CLANG_WARN_SUSPICIOUS_MOVE = YES;
				CLANG_WARN_UNGUARDED_AVAILABILITY = YES_AGGRESSIVE;
				CLANG_WARN_UNREACHABLE_CODE = YES;
				CLANG_WARN__DUPLICATE_METHOD_MATCH = YES;
				COPY_PHASE_STRIP = NO;
				DEBUG_INFORMATION_FORMAT = dwarf;
				ENABLE_STRICT_OBJC_MSGSEND = YES;
				ENABLE_TESTABILITY = YES;
				GCC_C_LANGUAGE_STANDARD = gnu11;
				GCC_DYNAMIC_NO_PIC = NO;
				GCC_NO_COMMON_BLOCKS = YES;
				GCC_OPTIMIZATION_LEVEL = 0;
				GCC_PREPROCESSOR_DEFINITIONS = (
					"DEBUG=1",
					"$(inherited)",
				);
				GCC_WARN_64_TO_32_BIT_CONVERSION = YES;
				GCC_WARN_ABOUT_RETURN_TYPE = YES_ERROR;
				GCC_WARN_UNDECLARED_SELECTOR = YES;
				GCC_WARN_UNINITIALIZED_AUTOS = YES_AGGRESSIVE;
				GCC_WARN_UNUSED_FUNCTION = YES;
				GCC_WARN_UNUSED_VARIABLE = YES;
				IPHONEOS_DEPLOYMENT_TARGET = 16.1;
				MTL_ENABLE_DEBUG_INFO = INCLUDE_SOURCE;
				MTL_FAST_MATH = YES;
				ONLY_ACTIVE_ARCH = YES;
				SDKROOT = iphoneos;
				SWIFT_ACTIVE_COMPILATION_CONDITIONS = DEBUG;
				SWIFT_OPTIMIZATION_LEVEL = "-Onone";
			};
			name = Debug;
		};
		CB3ED0062928DBB000E87C87 /* Release */ = {
			isa = XCBuildConfiguration;
			buildSettings = {
				ALWAYS_SEARCH_USER_PATHS = NO;
				CLANG_ANALYZER_NONNULL = YES;
				CLANG_ANALYZER_NUMBER_OBJECT_CONVERSION = YES_AGGRESSIVE;
				CLANG_CXX_LANGUAGE_STANDARD = "gnu++20";
				CLANG_ENABLE_MODULES = YES;
				CLANG_ENABLE_OBJC_ARC = YES;
				CLANG_ENABLE_OBJC_WEAK = YES;
				CLANG_WARN_BLOCK_CAPTURE_AUTORELEASING = YES;
				CLANG_WARN_BOOL_CONVERSION = YES;
				CLANG_WARN_COMMA = YES;
				CLANG_WARN_CONSTANT_CONVERSION = YES;
				CLANG_WARN_DEPRECATED_OBJC_IMPLEMENTATIONS = YES;
				CLANG_WARN_DIRECT_OBJC_ISA_USAGE = YES_ERROR;
				CLANG_WARN_DOCUMENTATION_COMMENTS = YES;
				CLANG_WARN_EMPTY_BODY = YES;
				CLANG_WARN_ENUM_CONVERSION = YES;
				CLANG_WARN_INFINITE_RECURSION = YES;
				CLANG_WARN_INT_CONVERSION = YES;
				CLANG_WARN_NON_LITERAL_NULL_CONVERSION = YES;
				CLANG_WARN_OBJC_IMPLICIT_RETAIN_SELF = YES;
				CLANG_WARN_OBJC_LITERAL_CONVERSION = YES;
				CLANG_WARN_OBJC_ROOT_CLASS = YES_ERROR;
				CLANG_WARN_QUOTED_INCLUDE_IN_FRAMEWORK_HEADER = YES;
				CLANG_WARN_RANGE_LOOP_ANALYSIS = YES;
				CLANG_WARN_STRICT_PROTOTYPES = YES;
				CLANG_WARN_SUSPICIOUS_MOVE = YES;
				CLANG_WARN_UNGUARDED_AVAILABILITY = YES_AGGRESSIVE;
				CLANG_WARN_UNREACHABLE_CODE = YES;
				CLANG_WARN__DUPLICATE_METHOD_MATCH = YES;
				COPY_PHASE_STRIP = NO;
				DEBUG_INFORMATION_FORMAT = "dwarf-with-dsym";
				ENABLE_NS_ASSERTIONS = NO;
				ENABLE_STRICT_OBJC_MSGSEND = YES;
				GCC_C_LANGUAGE_STANDARD = gnu11;
				GCC_NO_COMMON_BLOCKS = YES;
				GCC_WARN_64_TO_32_BIT_CONVERSION = YES;
				GCC_WARN_ABOUT_RETURN_TYPE = YES_ERROR;
				GCC_WARN_UNDECLARED_SELECTOR = YES;
				GCC_WARN_UNINITIALIZED_AUTOS = YES_AGGRESSIVE;
				GCC_WARN_UNUSED_FUNCTION = YES;
				GCC_WARN_UNUSED_VARIABLE = YES;
				IPHONEOS_DEPLOYMENT_TARGET = 16.1;
				MTL_ENABLE_DEBUG_INFO = NO;
				MTL_FAST_MATH = YES;
				SDKROOT = iphoneos;
				SWIFT_COMPILATION_MODE = wholemodule;
				SWIFT_OPTIMIZATION_LEVEL = "-O";
				VALIDATE_PRODUCT = YES;
			};
			name = Release;
		};
		CB3ED0082928DBB000E87C87 /* Debug */ = {
			isa = XCBuildConfiguration;
			buildSettings = {
				ASSETCATALOG_COMPILER_APPICON_NAME = AppIcon;
				ASSETCATALOG_COMPILER_GLOBAL_ACCENT_COLOR_NAME = AccentColor;
				CODE_SIGN_STYLE = Automatic;
				CURRENT_PROJECT_VERSION = 1;
				DEVELOPMENT_TEAM = L25P458JW2;
				GENERATE_INFOPLIST_FILE = YES;
				INFOPLIST_FILE = Components/Info.plist;
				INFOPLIST_KEY_NSLocationAlwaysAndWhenInUseUsageDescription = "Location Permission";
				INFOPLIST_KEY_NSLocationWhenInUseUsageDescription = "Location Permission";
				INFOPLIST_KEY_UIApplicationSupportsIndirectInputEvents = YES;
				INFOPLIST_KEY_UILaunchStoryboardName = LaunchScreen;
				INFOPLIST_KEY_UIMainStoryboardFile = Main;
				INFOPLIST_KEY_UISupportedInterfaceOrientations_iPad = "UIInterfaceOrientationPortrait UIInterfaceOrientationPortraitUpsideDown UIInterfaceOrientationLandscapeLeft UIInterfaceOrientationLandscapeRight";
				INFOPLIST_KEY_UISupportedInterfaceOrientations_iPhone = "UIInterfaceOrientationPortrait UIInterfaceOrientationLandscapeLeft UIInterfaceOrientationLandscapeRight";
				LD_RUNPATH_SEARCH_PATHS = (
					"$(inherited)",
					"@executable_path/Frameworks",
				);
				MARKETING_VERSION = 1.0;
				PRODUCT_BUNDLE_IDENTIFIER = com.kaanyildirim.Components;
				PRODUCT_NAME = "$(TARGET_NAME)";
				SWIFT_EMIT_LOC_STRINGS = YES;
				SWIFT_VERSION = 5.0;
				TARGETED_DEVICE_FAMILY = "1,2";
			};
			name = Debug;
		};
		CB3ED0092928DBB000E87C87 /* Release */ = {
			isa = XCBuildConfiguration;
			buildSettings = {
				ASSETCATALOG_COMPILER_APPICON_NAME = AppIcon;
				ASSETCATALOG_COMPILER_GLOBAL_ACCENT_COLOR_NAME = AccentColor;
				CODE_SIGN_STYLE = Automatic;
				CURRENT_PROJECT_VERSION = 1;
				DEVELOPMENT_TEAM = L25P458JW2;
				GENERATE_INFOPLIST_FILE = YES;
				INFOPLIST_FILE = Components/Info.plist;
				INFOPLIST_KEY_NSLocationAlwaysAndWhenInUseUsageDescription = "Location Permission";
				INFOPLIST_KEY_NSLocationWhenInUseUsageDescription = "Location Permission";
				INFOPLIST_KEY_UIApplicationSupportsIndirectInputEvents = YES;
				INFOPLIST_KEY_UILaunchStoryboardName = LaunchScreen;
				INFOPLIST_KEY_UIMainStoryboardFile = Main;
				INFOPLIST_KEY_UISupportedInterfaceOrientations_iPad = "UIInterfaceOrientationPortrait UIInterfaceOrientationPortraitUpsideDown UIInterfaceOrientationLandscapeLeft UIInterfaceOrientationLandscapeRight";
				INFOPLIST_KEY_UISupportedInterfaceOrientations_iPhone = "UIInterfaceOrientationPortrait UIInterfaceOrientationLandscapeLeft UIInterfaceOrientationLandscapeRight";
				LD_RUNPATH_SEARCH_PATHS = (
					"$(inherited)",
					"@executable_path/Frameworks",
				);
				MARKETING_VERSION = 1.0;
				PRODUCT_BUNDLE_IDENTIFIER = com.kaanyildirim.Components;
				PRODUCT_NAME = "$(TARGET_NAME)";
				SWIFT_EMIT_LOC_STRINGS = YES;
				SWIFT_VERSION = 5.0;
				TARGETED_DEVICE_FAMILY = "1,2";
			};
			name = Release;
		};
/* End XCBuildConfiguration section */

/* Begin XCConfigurationList section */
		CB3ECFEE2928DBAE00E87C87 /* Build configuration list for PBXProject "Components" */ = {
			isa = XCConfigurationList;
			buildConfigurations = (
				CB3ED0052928DBB000E87C87 /* Debug */,
				CB3ED0062928DBB000E87C87 /* Release */,
			);
			defaultConfigurationIsVisible = 0;
			defaultConfigurationName = Release;
		};
		CB3ED0072928DBB000E87C87 /* Build configuration list for PBXNativeTarget "Components" */ = {
			isa = XCConfigurationList;
			buildConfigurations = (
				CB3ED0082928DBB000E87C87 /* Debug */,
				CB3ED0092928DBB000E87C87 /* Release */,
			);
			defaultConfigurationIsVisible = 0;
			defaultConfigurationName = Release;
		};
/* End XCConfigurationList section */
	};
	rootObject = CB3ECFEB2928DBAE00E87C87 /* Project object */;
}
