// !$*UTF8*$!
{
	archiveVersion = 1;
	classes = {
	};
	objectVersion = 56;
	objects = {

/* Begin PBXBuildFile section */
		CB8B4DB1293B1F8D009E4D23 /* AppDelegate.swift in Sources */ = {isa = PBXBuildFile; fileRef = CB8B4DB0293B1F8D009E4D23 /* AppDelegate.swift */; };
		CB8B4DB3293B1F8D009E4D23 /* SceneDelegate.swift in Sources */ = {isa = PBXBuildFile; fileRef = CB8B4DB2293B1F8D009E4D23 /* SceneDelegate.swift */; };
		CB8B4DB5293B1F8D009E4D23 /* MovieListViewController.swift in Sources */ = {isa = PBXBuildFile; fileRef = CB8B4DB4293B1F8D009E4D23 /* MovieListViewController.swift */; };
		CB8B4DB8293B1F8D009E4D23 /* Main.storyboard in Resources */ = {isa = PBXBuildFile; fileRef = CB8B4DB6293B1F8D009E4D23 /* Main.storyboard */; };
		CB8B4DBA293B1F8F009E4D23 /* Assets.xcassets in Resources */ = {isa = PBXBuildFile; fileRef = CB8B4DB9293B1F8F009E4D23 /* Assets.xcassets */; };
		CB8B4DBD293B1F8F009E4D23 /* LaunchScreen.storyboard in Resources */ = {isa = PBXBuildFile; fileRef = CB8B4DBB293B1F8F009E4D23 /* LaunchScreen.storyboard */; };
		CB8B4DC9293B2176009E4D23 /* MovieDBClient.swift in Sources */ = {isa = PBXBuildFile; fileRef = CB8B4DC8293B2176009E4D23 /* MovieDBClient.swift */; };
		CB8B4DCB293B2202009E4D23 /* MovieModel.swift in Sources */ = {isa = PBXBuildFile; fileRef = CB8B4DCA293B2202009E4D23 /* MovieModel.swift */; };
		CB8B4DCD293B2296009E4D23 /* GetPopularMoviesResponseModel.swift in Sources */ = {isa = PBXBuildFile; fileRef = CB8B4DCC293B2296009E4D23 /* GetPopularMoviesResponseModel.swift */; };
		CB8B4DCF293B264D009E4D23 /* MovieTableViewCell.swift in Sources */ = {isa = PBXBuildFile; fileRef = CB8B4DCE293B264D009E4D23 /* MovieTableViewCell.swift */; };
		CB8B4DD1293B2899009E4D23 /* Constants.swift in Sources */ = {isa = PBXBuildFile; fileRef = CB8B4DD0293B2899009E4D23 /* Constants.swift */; };
		CB8B4DD3293B2E9C009E4D23 /* MovieDetailViewController.swift in Sources */ = {isa = PBXBuildFile; fileRef = CB8B4DD2293B2E9C009E4D23 /* MovieDetailViewController.swift */; };
		CB8B4DD5293B2FCF009E4D23 /* MovieDetailModel.swift in Sources */ = {isa = PBXBuildFile; fileRef = CB8B4DD4293B2FCF009E4D23 /* MovieDetailModel.swift */; };
		D3530257F227AD45188A19BA /* Pods_MovieMVCPattern.framework in Frameworks */ = {isa = PBXBuildFile; fileRef = 597EDF54D5BFACBF97FD0419 /* Pods_MovieMVCPattern.framework */; };
/* End PBXBuildFile section */

/* Begin PBXFileReference section */
		1A4729917FE8880449B1E0B5 /* Pods-MovieMVCPattern.debug.xcconfig */ = {isa = PBXFileReference; includeInIndex = 1; lastKnownFileType = text.xcconfig; name = "Pods-MovieMVCPattern.debug.xcconfig"; path = "Target Support Files/Pods-MovieMVCPattern/Pods-MovieMVCPattern.debug.xcconfig"; sourceTree = "<group>"; };
		3EB4A224FE7C5D6926D86125 /* Pods-MovieMVCPattern.release.xcconfig */ = {isa = PBXFileReference; includeInIndex = 1; lastKnownFileType = text.xcconfig; name = "Pods-MovieMVCPattern.release.xcconfig"; path = "Target Support Files/Pods-MovieMVCPattern/Pods-MovieMVCPattern.release.xcconfig"; sourceTree = "<group>"; };
		597EDF54D5BFACBF97FD0419 /* Pods_MovieMVCPattern.framework */ = {isa = PBXFileReference; explicitFileType = wrapper.framework; includeInIndex = 0; path = Pods_MovieMVCPattern.framework; sourceTree = BUILT_PRODUCTS_DIR; };
		CB8B4DAD293B1F8D009E4D23 /* MovieMVCPattern.app */ = {isa = PBXFileReference; explicitFileType = wrapper.application; includeInIndex = 0; path = MovieMVCPattern.app; sourceTree = BUILT_PRODUCTS_DIR; };
		CB8B4DB0293B1F8D009E4D23 /* AppDelegate.swift */ = {isa = PBXFileReference; lastKnownFileType = sourcecode.swift; path = AppDelegate.swift; sourceTree = "<group>"; };
		CB8B4DB2293B1F8D009E4D23 /* SceneDelegate.swift */ = {isa = PBXFileReference; lastKnownFileType = sourcecode.swift; path = SceneDelegate.swift; sourceTree = "<group>"; };
		CB8B4DB4293B1F8D009E4D23 /* MovieListViewController.swift */ = {isa = PBXFileReference; lastKnownFileType = sourcecode.swift; path = MovieListViewController.swift; sourceTree = "<group>"; };
		CB8B4DB7293B1F8D009E4D23 /* Base */ = {isa = PBXFileReference; lastKnownFileType = file.storyboard; name = Base; path = Base.lproj/Main.storyboard; sourceTree = "<group>"; };
		CB8B4DB9293B1F8F009E4D23 /* Assets.xcassets */ = {isa = PBXFileReference; lastKnownFileType = folder.assetcatalog; path = Assets.xcassets; sourceTree = "<group>"; };
		CB8B4DBC293B1F8F009E4D23 /* Base */ = {isa = PBXFileReference; lastKnownFileType = file.storyboard; name = Base; path = Base.lproj/LaunchScreen.storyboard; sourceTree = "<group>"; };
		CB8B4DBE293B1F8F009E4D23 /* Info.plist */ = {isa = PBXFileReference; lastKnownFileType = text.plist.xml; path = Info.plist; sourceTree = "<group>"; };
		CB8B4DC8293B2176009E4D23 /* MovieDBClient.swift */ = {isa = PBXFileReference; lastKnownFileType = sourcecode.swift; path = MovieDBClient.swift; sourceTree = "<group>"; };
		CB8B4DCA293B2202009E4D23 /* MovieModel.swift */ = {isa = PBXFileReference; lastKnownFileType = sourcecode.swift; path = MovieModel.swift; sourceTree = "<group>"; };
		CB8B4DCC293B2296009E4D23 /* GetPopularMoviesResponseModel.swift */ = {isa = PBXFileReference; lastKnownFileType = sourcecode.swift; path = GetPopularMoviesResponseModel.swift; sourceTree = "<group>"; };
		CB8B4DCE293B264D009E4D23 /* MovieTableViewCell.swift */ = {isa = PBXFileReference; lastKnownFileType = sourcecode.swift; path = MovieTableViewCell.swift; sourceTree = "<group>"; };
		CB8B4DD0293B2899009E4D23 /* Constants.swift */ = {isa = PBXFileReference; lastKnownFileType = sourcecode.swift; path = Constants.swift; sourceTree = "<group>"; };
		CB8B4DD2293B2E9C009E4D23 /* MovieDetailViewController.swift */ = {isa = PBXFileReference; lastKnownFileType = sourcecode.swift; path = MovieDetailViewController.swift; sourceTree = "<group>"; };
		CB8B4DD4293B2FCF009E4D23 /* MovieDetailModel.swift */ = {isa = PBXFileReference; lastKnownFileType = sourcecode.swift; path = MovieDetailModel.swift; sourceTree = "<group>"; };
/* End PBXFileReference section */

/* Begin PBXFrameworksBuildPhase section */
		CB8B4DAA293B1F8D009E4D23 /* Frameworks */ = {
			isa = PBXFrameworksBuildPhase;
			buildActionMask = 2147483647;
			files = (
				D3530257F227AD45188A19BA /* Pods_MovieMVCPattern.framework in Frameworks */,
			);
			runOnlyForDeploymentPostprocessing = 0;
		};
/* End PBXFrameworksBuildPhase section */

/* Begin PBXGroup section */
		7BC13DFA693B7F2A8CA44720 /* Frameworks */ = {
			isa = PBXGroup;
			children = (
				597EDF54D5BFACBF97FD0419 /* Pods_MovieMVCPattern.framework */,
			);
			name = Frameworks;
			sourceTree = "<group>";
		};
		CB8B4DA4293B1F8D009E4D23 = {
			isa = PBXGroup;
			children = (
				CB8B4DAF293B1F8D009E4D23 /* MovieMVCPattern */,
				CB8B4DAE293B1F8D009E4D23 /* Products */,
				FCD6026130074B62555100C8 /* Pods */,
				7BC13DFA693B7F2A8CA44720 /* Frameworks */,
			);
			sourceTree = "<group>";
		};
		CB8B4DAE293B1F8D009E4D23 /* Products */ = {
			isa = PBXGroup;
			children = (
				CB8B4DAD293B1F8D009E4D23 /* MovieMVCPattern.app */,
			);
			name = Products;
			sourceTree = "<group>";
		};
		CB8B4DAF293B1F8D009E4D23 /* MovieMVCPattern */ = {
			isa = PBXGroup;
			children = (
				CB8B4DC7293B1FCD009E4D23 /* Model */,
				CB8B4DC6293B1FC6009E4D23 /* View */,
				CB8B4DC5293B1FBA009E4D23 /* Controller */,
				CB8B4DC4293B1FAC009E4D23 /* App */,
				CB8B4DBE293B1F8F009E4D23 /* Info.plist */,
			);
			path = MovieMVCPattern;
			sourceTree = "<group>";
		};
		CB8B4DC4293B1FAC009E4D23 /* App */ = {
			isa = PBXGroup;
			children = (
				CB8B4DD0293B2899009E4D23 /* Constants.swift */,
				CB8B4DB0293B1F8D009E4D23 /* AppDelegate.swift */,
				CB8B4DB2293B1F8D009E4D23 /* SceneDelegate.swift */,
				CB8B4DB6293B1F8D009E4D23 /* Main.storyboard */,
				CB8B4DB9293B1F8F009E4D23 /* Assets.xcassets */,
				CB8B4DBB293B1F8F009E4D23 /* LaunchScreen.storyboard */,
			);
			path = App;
			sourceTree = "<group>";
		};
		CB8B4DC5293B1FBA009E4D23 /* Controller */ = {
			isa = PBXGroup;
			children = (
				CB8B4DB4293B1F8D009E4D23 /* MovieListViewController.swift */,
				CB8B4DD2293B2E9C009E4D23 /* MovieDetailViewController.swift */,
			);
			path = Controller;
			sourceTree = "<group>";
		};
		CB8B4DC6293B1FC6009E4D23 /* View */ = {
			isa = PBXGroup;
			children = (
				CB8B4DCE293B264D009E4D23 /* MovieTableViewCell.swift */,
			);
			path = View;
			sourceTree = "<group>";
		};
		CB8B4DC7293B1FCD009E4D23 /* Model */ = {
			isa = PBXGroup;
			children = (
				CB8B4DC8293B2176009E4D23 /* MovieDBClient.swift */,
				CB8B4DCA293B2202009E4D23 /* MovieModel.swift */,
				CB8B4DCC293B2296009E4D23 /* GetPopularMoviesResponseModel.swift */,
				CB8B4DD4293B2FCF009E4D23 /* MovieDetailModel.swift */,
			);
			path = Model;
			sourceTree = "<group>";
		};
		FCD6026130074B62555100C8 /* Pods */ = {
			isa = PBXGroup;
			children = (
				1A4729917FE8880449B1E0B5 /* Pods-MovieMVCPattern.debug.xcconfig */,
				3EB4A224FE7C5D6926D86125 /* Pods-MovieMVCPattern.release.xcconfig */,
			);
			path = Pods;
			sourceTree = "<group>";
		};
/* End PBXGroup section */

/* Begin PBXNativeTarget section */
		CB8B4DAC293B1F8D009E4D23 /* MovieMVCPattern */ = {
			isa = PBXNativeTarget;
			buildConfigurationList = CB8B4DC1293B1F8F009E4D23 /* Build configuration list for PBXNativeTarget "MovieMVCPattern" */;
			buildPhases = (
				8A3966AE805F4152EF5B85AA /* [CP] Check Pods Manifest.lock */,
				CB8B4DA9293B1F8D009E4D23 /* Sources */,
				CB8B4DAA293B1F8D009E4D23 /* Frameworks */,
				CB8B4DAB293B1F8D009E4D23 /* Resources */,
				246910C362AD96D87FFD78B5 /* [CP] Embed Pods Frameworks */,
			);
			buildRules = (
			);
			dependencies = (
			);
			name = MovieMVCPattern;
			productName = MovieMVCPattern;
			productReference = CB8B4DAD293B1F8D009E4D23 /* MovieMVCPattern.app */;
			productType = "com.apple.product-type.application";
		};
/* End PBXNativeTarget section */

/* Begin PBXProject section */
		CB8B4DA5293B1F8D009E4D23 /* Project object */ = {
			isa = PBXProject;
			attributes = {
				BuildIndependentTargetsInParallel = 1;
				LastSwiftUpdateCheck = 1410;
				LastUpgradeCheck = 1410;
				TargetAttributes = {
					CB8B4DAC293B1F8D009E4D23 = {
						CreatedOnToolsVersion = 14.1;
					};
				};
			};
			buildConfigurationList = CB8B4DA8293B1F8D009E4D23 /* Build configuration list for PBXProject "MovieMVCPattern" */;
			compatibilityVersion = "Xcode 14.0";
			developmentRegion = en;
			hasScannedForEncodings = 0;
			knownRegions = (
				en,
				Base,
			);
			mainGroup = CB8B4DA4293B1F8D009E4D23;
			productRefGroup = CB8B4DAE293B1F8D009E4D23 /* Products */;
			projectDirPath = "";
			projectRoot = "";
			targets = (
				CB8B4DAC293B1F8D009E4D23 /* MovieMVCPattern */,
			);
		};
/* End PBXProject section */

/* Begin PBXResourcesBuildPhase section */
		CB8B4DAB293B1F8D009E4D23 /* Resources */ = {
			isa = PBXResourcesBuildPhase;
			buildActionMask = 2147483647;
			files = (
				CB8B4DBD293B1F8F009E4D23 /* LaunchScreen.storyboard in Resources */,
				CB8B4DBA293B1F8F009E4D23 /* Assets.xcassets in Resources */,
				CB8B4DB8293B1F8D009E4D23 /* Main.storyboard in Resources */,
			);
			runOnlyForDeploymentPostprocessing = 0;
		};
/* End PBXResourcesBuildPhase section */

/* Begin PBXShellScriptBuildPhase section */
		246910C362AD96D87FFD78B5 /* [CP] Embed Pods Frameworks */ = {
			isa = PBXShellScriptBuildPhase;
			buildActionMask = 2147483647;
			files = (
			);
			inputFileListPaths = (
				"${PODS_ROOT}/Target Support Files/Pods-MovieMVCPattern/Pods-MovieMVCPattern-frameworks-${CONFIGURATION}-input-files.xcfilelist",
			);
			name = "[CP] Embed Pods Frameworks";
			outputFileListPaths = (
				"${PODS_ROOT}/Target Support Files/Pods-MovieMVCPattern/Pods-MovieMVCPattern-frameworks-${CONFIGURATION}-output-files.xcfilelist",
			);
			runOnlyForDeploymentPostprocessing = 0;
			shellPath = /bin/sh;
			shellScript = "\"${PODS_ROOT}/Target Support Files/Pods-MovieMVCPattern/Pods-MovieMVCPattern-frameworks.sh\"\n";
			showEnvVarsInLog = 0;
		};
		8A3966AE805F4152EF5B85AA /* [CP] Check Pods Manifest.lock */ = {
			isa = PBXShellScriptBuildPhase;
			buildActionMask = 2147483647;
			files = (
			);
			inputFileListPaths = (
			);
			inputPaths = (
				"${PODS_PODFILE_DIR_PATH}/Podfile.lock",
				"${PODS_ROOT}/Manifest.lock",
			);
			name = "[CP] Check Pods Manifest.lock";
			outputFileListPaths = (
			);
			outputPaths = (
				"$(DERIVED_FILE_DIR)/Pods-MovieMVCPattern-checkManifestLockResult.txt",
			);
			runOnlyForDeploymentPostprocessing = 0;
			shellPath = /bin/sh;
			shellScript = "diff \"${PODS_PODFILE_DIR_PATH}/Podfile.lock\" \"${PODS_ROOT}/Manifest.lock\" > /dev/null\nif [ $? != 0 ] ; then\n    # print error to STDERR\n    echo \"error: The sandbox is not in sync with the Podfile.lock. Run 'pod install' or update your CocoaPods installation.\" >&2\n    exit 1\nfi\n# This output is used by Xcode 'outputs' to avoid re-running this script phase.\necho \"SUCCESS\" > \"${SCRIPT_OUTPUT_FILE_0}\"\n";
			showEnvVarsInLog = 0;
		};
/* End PBXShellScriptBuildPhase section */

/* Begin PBXSourcesBuildPhase section */
		CB8B4DA9293B1F8D009E4D23 /* Sources */ = {
			isa = PBXSourcesBuildPhase;
			buildActionMask = 2147483647;
			files = (
				CB8B4DB5293B1F8D009E4D23 /* MovieListViewController.swift in Sources */,
				CB8B4DB1293B1F8D009E4D23 /* AppDelegate.swift in Sources */,
				CB8B4DCF293B264D009E4D23 /* MovieTableViewCell.swift in Sources */,
				CB8B4DCB293B2202009E4D23 /* MovieModel.swift in Sources */,
				CB8B4DB3293B1F8D009E4D23 /* SceneDelegate.swift in Sources */,
				CB8B4DCD293B2296009E4D23 /* GetPopularMoviesResponseModel.swift in Sources */,
				CB8B4DC9293B2176009E4D23 /* MovieDBClient.swift in Sources */,
				CB8B4DD3293B2E9C009E4D23 /* MovieDetailViewController.swift in Sources */,
				CB8B4DD1293B2899009E4D23 /* Constants.swift in Sources */,
				CB8B4DD5293B2FCF009E4D23 /* MovieDetailModel.swift in Sources */,
			);
			runOnlyForDeploymentPostprocessing = 0;
		};
/* End PBXSourcesBuildPhase section */

/* Begin PBXVariantGroup section */
		CB8B4DB6293B1F8D009E4D23 /* Main.storyboard */ = {
			isa = PBXVariantGroup;
			children = (
				CB8B4DB7293B1F8D009E4D23 /* Base */,
			);
			name = Main.storyboard;
			sourceTree = "<group>";
		};
		CB8B4DBB293B1F8F009E4D23 /* LaunchScreen.storyboard */ = {
			isa = PBXVariantGroup;
			children = (
				CB8B4DBC293B1F8F009E4D23 /* Base */,
			);
			name = LaunchScreen.storyboard;
			sourceTree = "<group>";
		};
/* End PBXVariantGroup section */

/* Begin XCBuildConfiguration section */
		CB8B4DBF293B1F8F009E4D23 /* Debug */ = {
			isa = XCBuildConfiguration;
			buildSettings = {
				ALWAYS_SEARCH_USER_PATHS = NO;
				CLANG_ANALYZER_NONNULL = YES;
				CLANG_ANALYZER_NUMBER_OBJECT_CONVERSION = YES_AGGRESSIVE;
				CLANG_CXX_LANGUAGE_STANDARD = "gnu++20";
				CLANG_ENABLE_MODULES = YES;
				CLANG_ENABLE_OBJC_ARC = YES;
				CLANG_ENABLE_OBJC_WEAK = YES;
				CLANG_WARN_BLOCK_CAPTURE_AUTORELEASING = YES;
				CLANG_WARN_BOOL_CONVERSION = YES;
				CLANG_WARN_COMMA = YES;
				CLANG_WARN_CONSTANT_CONVERSION = YES;
				CLANG_WARN_DEPRECATED_OBJC_IMPLEMENTATIONS = YES;
				CLANG_WARN_DIRECT_OBJC_ISA_USAGE = YES_ERROR;
				CLANG_WARN_DOCUMENTATION_COMMENTS = YES;
				CLANG_WARN_EMPTY_BODY = YES;
				CLANG_WARN_ENUM_CONVERSION = YES;
				CLANG_WARN_INFINITE_RECURSION = YES;
				CLANG_WARN_INT_CONVERSION = YES;
				CLANG_WARN_NON_LITERAL_NULL_CONVERSION = YES;
				CLANG_WARN_OBJC_IMPLICIT_RETAIN_SELF = YES;
				CLANG_WARN_OBJC_LITERAL_CONVERSION = YES;
				CLANG_WARN_OBJC_ROOT_CLASS = YES_ERROR;
				CLANG_WARN_QUOTED_INCLUDE_IN_FRAMEWORK_HEADER = YES;
				CLANG_WARN_RANGE_LOOP_ANALYSIS = YES;
				CLANG_WARN_STRICT_PROTOTYPES = YES;
				CLANG_WARN_SUSPICIOUS_MOVE = YES;
				CLANG_WARN_UNGUARDED_AVAILABILITY = YES_AGGRESSIVE;
				CLANG_WARN_UNREACHABLE_CODE = YES;
				CLANG_WARN__DUPLICATE_METHOD_MATCH = YES;
				COPY_PHASE_STRIP = NO;
				DEBUG_INFORMATION_FORMAT = dwarf;
				ENABLE_STRICT_OBJC_MSGSEND = YES;
				ENABLE_TESTABILITY = YES;
				GCC_C_LANGUAGE_STANDARD = gnu11;
				GCC_DYNAMIC_NO_PIC = NO;
				GCC_NO_COMMON_BLOCKS = YES;
				GCC_OPTIMIZATION_LEVEL = 0;
				GCC_PREPROCESSOR_DEFINITIONS = (
					"DEBUG=1",
					"$(inherited)",
				);
				GCC_WARN_64_TO_32_BIT_CONVERSION = YES;
				GCC_WARN_ABOUT_RETURN_TYPE = YES_ERROR;
				GCC_WARN_UNDECLARED_SELECTOR = YES;
				GCC_WARN_UNINITIALIZED_AUTOS = YES_AGGRESSIVE;
				GCC_WARN_UNUSED_FUNCTION = YES;
				GCC_WARN_UNUSED_VARIABLE = YES;
				IPHONEOS_DEPLOYMENT_TARGET = 16.1;
				MTL_ENABLE_DEBUG_INFO = INCLUDE_SOURCE;
				MTL_FAST_MATH = YES;
				ONLY_ACTIVE_ARCH = YES;
				SDKROOT = iphoneos;
				SWIFT_ACTIVE_COMPILATION_CONDITIONS = DEBUG;
				SWIFT_OPTIMIZATION_LEVEL = "-Onone";
			};
			name = Debug;
		};
		CB8B4DC0293B1F8F009E4D23 /* Release */ = {
			isa = XCBuildConfiguration;
			buildSettings = {
				ALWAYS_SEARCH_USER_PATHS = NO;
				CLANG_ANALYZER_NONNULL = YES;
				CLANG_ANALYZER_NUMBER_OBJECT_CONVERSION = YES_AGGRESSIVE;
				CLANG_CXX_LANGUAGE_STANDARD = "gnu++20";
				CLANG_ENABLE_MODULES = YES;
				CLANG_ENABLE_OBJC_ARC = YES;
				CLANG_ENABLE_OBJC_WEAK = YES;
				CLANG_WARN_BLOCK_CAPTURE_AUTORELEASING = YES;
				CLANG_WARN_BOOL_CONVERSION = YES;
				CLANG_WARN_COMMA = YES;
				CLANG_WARN_CONSTANT_CONVERSION = YES;
				CLANG_WARN_DEPRECATED_OBJC_IMPLEMENTATIONS = YES;
				CLANG_WARN_DIRECT_OBJC_ISA_USAGE = YES_ERROR;
				CLANG_WARN_DOCUMENTATION_COMMENTS = YES;
				CLANG_WARN_EMPTY_BODY = YES;
				CLANG_WARN_ENUM_CONVERSION = YES;
				CLANG_WARN_INFINITE_RECURSION = YES;
				CLANG_WARN_INT_CONVERSION = YES;
				CLANG_WARN_NON_LITERAL_NULL_CONVERSION = YES;
				CLANG_WARN_OBJC_IMPLICIT_RETAIN_SELF = YES;
				CLANG_WARN_OBJC_LITERAL_CONVERSION = YES;
				CLANG_WARN_OBJC_ROOT_CLASS = YES_ERROR;
				CLANG_WARN_QUOTED_INCLUDE_IN_FRAMEWORK_HEADER = YES;
				CLANG_WARN_RANGE_LOOP_ANALYSIS = YES;
				CLANG_WARN_STRICT_PROTOTYPES = YES;
				CLANG_WARN_SUSPICIOUS_MOVE = YES;
				CLANG_WARN_UNGUARDED_AVAILABILITY = YES_AGGRESSIVE;
				CLANG_WARN_UNREACHABLE_CODE = YES;
				CLANG_WARN__DUPLICATE_METHOD_MATCH = YES;
				COPY_PHASE_STRIP = NO;
				DEBUG_INFORMATION_FORMAT = "dwarf-with-dsym";
				ENABLE_NS_ASSERTIONS = NO;
				ENABLE_STRICT_OBJC_MSGSEND = YES;
				GCC_C_LANGUAGE_STANDARD = gnu11;
				GCC_NO_COMMON_BLOCKS = YES;
				GCC_WARN_64_TO_32_BIT_CONVERSION = YES;
				GCC_WARN_ABOUT_RETURN_TYPE = YES_ERROR;
				GCC_WARN_UNDECLARED_SELECTOR = YES;
				GCC_WARN_UNINITIALIZED_AUTOS = YES_AGGRESSIVE;
				GCC_WARN_UNUSED_FUNCTION = YES;
				GCC_WARN_UNUSED_VARIABLE = YES;
				IPHONEOS_DEPLOYMENT_TARGET = 16.1;
				MTL_ENABLE_DEBUG_INFO = NO;
				MTL_FAST_MATH = YES;
				SDKROOT = iphoneos;
				SWIFT_COMPILATION_MODE = wholemodule;
				SWIFT_OPTIMIZATION_LEVEL = "-O";
				VALIDATE_PRODUCT = YES;
			};
			name = Release;
		};
		CB8B4DC2293B1F8F009E4D23 /* Debug */ = {
			isa = XCBuildConfiguration;
			baseConfigurationReference = 1A4729917FE8880449B1E0B5 /* Pods-MovieMVCPattern.debug.xcconfig */;
			buildSettings = {
				ASSETCATALOG_COMPILER_APPICON_NAME = AppIcon;
				ASSETCATALOG_COMPILER_GLOBAL_ACCENT_COLOR_NAME = AccentColor;
				CODE_SIGN_STYLE = Automatic;
				CURRENT_PROJECT_VERSION = 1;
				DEVELOPMENT_TEAM = L25P458JW2;
				GENERATE_INFOPLIST_FILE = YES;
				INFOPLIST_FILE = MovieMVCPattern/Info.plist;
				INFOPLIST_KEY_UIApplicationSupportsIndirectInputEvents = YES;
				INFOPLIST_KEY_UILaunchStoryboardName = LaunchScreen;
				INFOPLIST_KEY_UIMainStoryboardFile = Main;
				INFOPLIST_KEY_UISupportedInterfaceOrientations_iPad = "UIInterfaceOrientationPortrait UIInterfaceOrientationPortraitUpsideDown UIInterfaceOrientationLandscapeLeft UIInterfaceOrientationLandscapeRight";
				INFOPLIST_KEY_UISupportedInterfaceOrientations_iPhone = "UIInterfaceOrientationPortrait UIInterfaceOrientationLandscapeLeft UIInterfaceOrientationLandscapeRight";
				LD_RUNPATH_SEARCH_PATHS = (
					"$(inherited)",
					"@executable_path/Frameworks",
				);
				MARKETING_VERSION = 1.0;
				PRODUCT_BUNDLE_IDENTIFIER = com.kaanyildirim.MovieMVCPattern;
				PRODUCT_NAME = "$(TARGET_NAME)";
				SWIFT_EMIT_LOC_STRINGS = YES;
				SWIFT_VERSION = 5.0;
				TARGETED_DEVICE_FAMILY = "1,2";
			};
			name = Debug;
		};
		CB8B4DC3293B1F8F009E4D23 /* Release */ = {
			isa = XCBuildConfiguration;
			baseConfigurationReference = 3EB4A224FE7C5D6926D86125 /* Pods-MovieMVCPattern.release.xcconfig */;
			buildSettings = {
				ASSETCATALOG_COMPILER_APPICON_NAME = AppIcon;
				ASSETCATALOG_COMPILER_GLOBAL_ACCENT_COLOR_NAME = AccentColor;
				CODE_SIGN_STYLE = Automatic;
				CURRENT_PROJECT_VERSION = 1;
				DEVELOPMENT_TEAM = L25P458JW2;
				GENERATE_INFOPLIST_FILE = YES;
				INFOPLIST_FILE = MovieMVCPattern/Info.plist;
				INFOPLIST_KEY_UIApplicationSupportsIndirectInputEvents = YES;
				INFOPLIST_KEY_UILaunchStoryboardName = LaunchScreen;
				INFOPLIST_KEY_UIMainStoryboardFile = Main;
				INFOPLIST_KEY_UISupportedInterfaceOrientations_iPad = "UIInterfaceOrientationPortrait UIInterfaceOrientationPortraitUpsideDown UIInterfaceOrientationLandscapeLeft UIInterfaceOrientationLandscapeRight";
				INFOPLIST_KEY_UISupportedInterfaceOrientations_iPhone = "UIInterfaceOrientationPortrait UIInterfaceOrientationLandscapeLeft UIInterfaceOrientationLandscapeRight";
				LD_RUNPATH_SEARCH_PATHS = (
					"$(inherited)",
					"@executable_path/Frameworks",
				);
				MARKETING_VERSION = 1.0;
				PRODUCT_BUNDLE_IDENTIFIER = com.kaanyildirim.MovieMVCPattern;
				PRODUCT_NAME = "$(TARGET_NAME)";
				SWIFT_EMIT_LOC_STRINGS = YES;
				SWIFT_VERSION = 5.0;
				TARGETED_DEVICE_FAMILY = "1,2";
			};
			name = Release;
		};
/* End XCBuildConfiguration section */

/* Begin XCConfigurationList section */
		CB8B4DA8293B1F8D009E4D23 /* Build configuration list for PBXProject "MovieMVCPattern" */ = {
			isa = XCConfigurationList;
			buildConfigurations = (
				CB8B4DBF293B1F8F009E4D23 /* Debug */,
				CB8B4DC0293B1F8F009E4D23 /* Release */,
			);
			defaultConfigurationIsVisible = 0;
			defaultConfigurationName = Release;
		};
		CB8B4DC1293B1F8F009E4D23 /* Build configuration list for PBXNativeTarget "MovieMVCPattern" */ = {
			isa = XCConfigurationList;
			buildConfigurations = (
				CB8B4DC2293B1F8F009E4D23 /* Debug */,
				CB8B4DC3293B1F8F009E4D23 /* Release */,
			);
			defaultConfigurationIsVisible = 0;
			defaultConfigurationName = Release;
		};
/* End XCConfigurationList section */
	};
	rootObject = CB8B4DA5293B1F8D009E4D23 /* Project object */;
}
