// !$*UTF8*$!
{
	archiveVersion = 1;
	classes = {
	};
	objectVersion = 56;
	objects = {

/* Begin PBXBuildFile section */
		CB2935982920C5C30069CFD2 /* AppDelegate.swift in Sources */ = {isa = PBXBuildFile; fileRef = CB2935972920C5C30069CFD2 /* AppDelegate.swift */; };
		CB29359A2920C5C30069CFD2 /* SceneDelegate.swift in Sources */ = {isa = PBXBuildFile; fileRef = CB2935992920C5C30069CFD2 /* SceneDelegate.swift */; };
		CB29359C2920C5C30069CFD2 /* ViewController.swift in Sources */ = {isa = PBXBuildFile; fileRef = CB29359B2920C5C30069CFD2 /* ViewController.swift */; };
		CB29359F2920C5C30069CFD2 /* Main.storyboard in Resources */ = {isa = PBXBuildFile; fileRef = CB29359D2920C5C30069CFD2 /* Main.storyboard */; };
		CB2935A12920C5C50069CFD2 /* Assets.xcassets in Resources */ = {isa = PBXBuildFile; fileRef = CB2935A02920C5C50069CFD2 /* Assets.xcassets */; };
		CB2935A42920C5C50069CFD2 /* LaunchScreen.storyboard in Resources */ = {isa = PBXBuildFile; fileRef = CB2935A22920C5C50069CFD2 /* LaunchScreen.storyboard */; };
		CB2935AD2920C5F10069CFD2 /* Client.swift in Sources */ = {isa = PBXBuildFile; fileRef = CB2935AC2920C5F00069CFD2 /* Client.swift */; };
		CB2935AF2920CF970069CFD2 /* BaseResponse.swift in Sources */ = {isa = PBXBuildFile; fileRef = CB2935AE2920CF970069CFD2 /* BaseResponse.swift */; };
		CB2935B22920D1DD0069CFD2 /* SpellModel.swift in Sources */ = {isa = PBXBuildFile; fileRef = CB2935B12920D1DD0069CFD2 /* SpellModel.swift */; };
/* End PBXBuildFile section */

/* Begin PBXFileReference section */
		CB2935942920C5C30069CFD2 /* ServiceCall.app */ = {isa = PBXFileReference; explicitFileType = wrapper.application; includeInIndex = 0; path = ServiceCall.app; sourceTree = BUILT_PRODUCTS_DIR; };
		CB2935972920C5C30069CFD2 /* AppDelegate.swift */ = {isa = PBXFileReference; lastKnownFileType = sourcecode.swift; path = AppDelegate.swift; sourceTree = "<group>"; };
		CB2935992920C5C30069CFD2 /* SceneDelegate.swift */ = {isa = PBXFileReference; lastKnownFileType = sourcecode.swift; path = SceneDelegate.swift; sourceTree = "<group>"; };
		CB29359B2920C5C30069CFD2 /* ViewController.swift */ = {isa = PBXFileReference; lastKnownFileType = sourcecode.swift; path = ViewController.swift; sourceTree = "<group>"; };
		CB29359E2920C5C30069CFD2 /* Base */ = {isa = PBXFileReference; lastKnownFileType = file.storyboard; name = Base; path = Base.lproj/Main.storyboard; sourceTree = "<group>"; };
		CB2935A02920C5C50069CFD2 /* Assets.xcassets */ = {isa = PBXFileReference; lastKnownFileType = folder.assetcatalog; path = Assets.xcassets; sourceTree = "<group>"; };
		CB2935A32920C5C50069CFD2 /* Base */ = {isa = PBXFileReference; lastKnownFileType = file.storyboard; name = Base; path = Base.lproj/LaunchScreen.storyboard; sourceTree = "<group>"; };
		CB2935A52920C5C50069CFD2 /* Info.plist */ = {isa = PBXFileReference; lastKnownFileType = text.plist.xml; path = Info.plist; sourceTree = "<group>"; };
		CB2935AC2920C5F00069CFD2 /* Client.swift */ = {isa = PBXFileReference; lastKnownFileType = sourcecode.swift; path = Client.swift; sourceTree = "<group>"; };
		CB2935AE2920CF970069CFD2 /* BaseResponse.swift */ = {isa = PBXFileReference; lastKnownFileType = sourcecode.swift; path = BaseResponse.swift; sourceTree = "<group>"; };
		CB2935B12920D1DD0069CFD2 /* SpellModel.swift */ = {isa = PBXFileReference; lastKnownFileType = sourcecode.swift; path = SpellModel.swift; sourceTree = "<group>"; };
/* End PBXFileReference section */

/* Begin PBXFrameworksBuildPhase section */
		CB2935912920C5C30069CFD2 /* Frameworks */ = {
			isa = PBXFrameworksBuildPhase;
			buildActionMask = 2147483647;
			files = (
			);
			runOnlyForDeploymentPostprocessing = 0;
		};
/* End PBXFrameworksBuildPhase section */

/* Begin PBXGroup section */
		CB29358B2920C5C30069CFD2 = {
			isa = PBXGroup;
			children = (
				CB2935962920C5C30069CFD2 /* ServiceCall */,
				CB2935952920C5C30069CFD2 /* Products */,
			);
			sourceTree = "<group>";
		};
		CB2935952920C5C30069CFD2 /* Products */ = {
			isa = PBXGroup;
			children = (
				CB2935942920C5C30069CFD2 /* ServiceCall.app */,
			);
			name = Products;
			sourceTree = "<group>";
		};
		CB2935962920C5C30069CFD2 /* ServiceCall */ = {
			isa = PBXGroup;
			children = (
				CB2935B02920D1D00069CFD2 /* Model */,
				CB2935AB2920C5DD0069CFD2 /* Service */,
				CB2935972920C5C30069CFD2 /* AppDelegate.swift */,
				CB2935992920C5C30069CFD2 /* SceneDelegate.swift */,
				CB29359B2920C5C30069CFD2 /* ViewController.swift */,
				CB29359D2920C5C30069CFD2 /* Main.storyboard */,
				CB2935A02920C5C50069CFD2 /* Assets.xcassets */,
				CB2935A22920C5C50069CFD2 /* LaunchScreen.storyboard */,
				CB2935A52920C5C50069CFD2 /* Info.plist */,
			);
			path = ServiceCall;
			sourceTree = "<group>";
		};
		CB2935AB2920C5DD0069CFD2 /* Service */ = {
			isa = PBXGroup;
			children = (
				CB2935AC2920C5F00069CFD2 /* Client.swift */,
				CB2935AE2920CF970069CFD2 /* BaseResponse.swift */,
			);
			path = Service;
			sourceTree = "<group>";
		};
		CB2935B02920D1D00069CFD2 /* Model */ = {
			isa = PBXGroup;
			children = (
				CB2935B12920D1DD0069CFD2 /* SpellModel.swift */,
			);
			path = Model;
			sourceTree = "<group>";
		};
/* End PBXGroup section */

/* Begin PBXNativeTarget section */
		CB2935932920C5C30069CFD2 /* ServiceCall */ = {
			isa = PBXNativeTarget;
			buildConfigurationList = CB2935A82920C5C50069CFD2 /* Build configuration list for PBXNativeTarget "ServiceCall" */;
			buildPhases = (
				CB2935902920C5C30069CFD2 /* Sources */,
				CB2935912920C5C30069CFD2 /* Frameworks */,
				CB2935922920C5C30069CFD2 /* Resources */,
			);
			buildRules = (
			);
			dependencies = (
			);
			name = ServiceCall;
			productName = ServiceCall;
			productReference = CB2935942920C5C30069CFD2 /* ServiceCall.app */;
			productType = "com.apple.product-type.application";
		};
/* End PBXNativeTarget section */

/* Begin PBXProject section */
		CB29358C2920C5C30069CFD2 /* Project object */ = {
			isa = PBXProject;
			attributes = {
				BuildIndependentTargetsInParallel = 1;
				LastSwiftUpdateCheck = 1410;
				LastUpgradeCheck = 1410;
				TargetAttributes = {
					CB2935932920C5C30069CFD2 = {
						CreatedOnToolsVersion = 14.1;
					};
				};
			};
			buildConfigurationList = CB29358F2920C5C30069CFD2 /* Build configuration list for PBXProject "ServiceCall" */;
			compatibilityVersion = "Xcode 14.0";
			developmentRegion = en;
			hasScannedForEncodings = 0;
			knownRegions = (
				en,
				Base,
			);
			mainGroup = CB29358B2920C5C30069CFD2;
			productRefGroup = CB2935952920C5C30069CFD2 /* Products */;
			projectDirPath = "";
			projectRoot = "";
			targets = (
				CB2935932920C5C30069CFD2 /* ServiceCall */,
			);
		};
/* End PBXProject section */

/* Begin PBXResourcesBuildPhase section */
		CB2935922920C5C30069CFD2 /* Resources */ = {
			isa = PBXResourcesBuildPhase;
			buildActionMask = 2147483647;
			files = (
				CB2935A42920C5C50069CFD2 /* LaunchScreen.storyboard in Resources */,
				CB2935A12920C5C50069CFD2 /* Assets.xcassets in Resources */,
				CB29359F2920C5C30069CFD2 /* Main.storyboard in Resources */,
			);
			runOnlyForDeploymentPostprocessing = 0;
		};
/* End PBXResourcesBuildPhase section */

/* Begin PBXSourcesBuildPhase section */
		CB2935902920C5C30069CFD2 /* Sources */ = {
			isa = PBXSourcesBuildPhase;
			buildActionMask = 2147483647;
			files = (
				CB2935AF2920CF970069CFD2 /* BaseResponse.swift in Sources */,
				CB29359C2920C5C30069CFD2 /* ViewController.swift in Sources */,
				CB2935B22920D1DD0069CFD2 /* SpellModel.swift in Sources */,
				CB2935982920C5C30069CFD2 /* AppDelegate.swift in Sources */,
				CB2935AD2920C5F10069CFD2 /* Client.swift in Sources */,
				CB29359A2920C5C30069CFD2 /* SceneDelegate.swift in Sources */,
			);
			runOnlyForDeploymentPostprocessing = 0;
		};
/* End PBXSourcesBuildPhase section */

/* Begin PBXVariantGroup section */
		CB29359D2920C5C30069CFD2 /* Main.storyboard */ = {
			isa = PBXVariantGroup;
			children = (
				CB29359E2920C5C30069CFD2 /* Base */,
			);
			name = Main.storyboard;
			sourceTree = "<group>";
		};
		CB2935A22920C5C50069CFD2 /* LaunchScreen.storyboard */ = {
			isa = PBXVariantGroup;
			children = (
				CB2935A32920C5C50069CFD2 /* Base */,
			);
			name = LaunchScreen.storyboard;
			sourceTree = "<group>";
		};
/* End PBXVariantGroup section */

/* Begin XCBuildConfiguration section */
		CB2935A62920C5C50069CFD2 /* Debug */ = {
			isa = XCBuildConfiguration;
			buildSettings = {
				ALWAYS_SEARCH_USER_PATHS = NO;
				CLANG_ANALYZER_NONNULL = YES;
				CLANG_ANALYZER_NUMBER_OBJECT_CONVERSION = YES_AGGRESSIVE;
				CLANG_CXX_LANGUAGE_STANDARD = "gnu++20";
				CLANG_ENABLE_MODULES = YES;
				CLANG_ENABLE_OBJC_ARC = YES;
				CLANG_ENABLE_OBJC_WEAK = YES;
				CLANG_WARN_BLOCK_CAPTURE_AUTORELEASING = YES;
				CLANG_WARN_BOOL_CONVERSION = YES;
				CLANG_WARN_COMMA = YES;
				CLANG_WARN_CONSTANT_CONVERSION = YES;
				CLANG_WARN_DEPRECATED_OBJC_IMPLEMENTATIONS = YES;
				CLANG_WARN_DIRECT_OBJC_ISA_USAGE = YES_ERROR;
				CLANG_WARN_DOCUMENTATION_COMMENTS = YES;
				CLANG_WARN_EMPTY_BODY = YES;
				CLANG_WARN_ENUM_CONVERSION = YES;
				CLANG_WARN_INFINITE_RECURSION = YES;
				CLANG_WARN_INT_CONVERSION = YES;
				CLANG_WARN_NON_LITERAL_NULL_CONVERSION = YES;
				CLANG_WARN_OBJC_IMPLICIT_RETAIN_SELF = YES;
				CLANG_WARN_OBJC_LITERAL_CONVERSION = YES;
				CLANG_WARN_OBJC_ROOT_CLASS = YES_ERROR;
				CLANG_WARN_QUOTED_INCLUDE_IN_FRAMEWORK_HEADER = YES;
				CLANG_WARN_RANGE_LOOP_ANALYSIS = YES;
				CLANG_WARN_STRICT_PROTOTYPES = YES;
				CLANG_WARN_SUSPICIOUS_MOVE = YES;
				CLANG_WARN_UNGUARDED_AVAILABILITY = YES_AGGRESSIVE;
				CLANG_WARN_UNREACHABLE_CODE = YES;
				CLANG_WARN__DUPLICATE_METHOD_MATCH = YES;
				COPY_PHASE_STRIP = NO;
				DEBUG_INFORMATION_FORMAT = dwarf;
				ENABLE_STRICT_OBJC_MSGSEND = YES;
				ENABLE_TESTABILITY = YES;
				GCC_C_LANGUAGE_STANDARD = gnu11;
				GCC_DYNAMIC_NO_PIC = NO;
				GCC_NO_COMMON_BLOCKS = YES;
				GCC_OPTIMIZATION_LEVEL = 0;
				GCC_PREPROCESSOR_DEFINITIONS = (
					"DEBUG=1",
					"$(inherited)",
				);
				GCC_WARN_64_TO_32_BIT_CONVERSION = YES;
				GCC_WARN_ABOUT_RETURN_TYPE = YES_ERROR;
				GCC_WARN_UNDECLARED_SELECTOR = YES;
				GCC_WARN_UNINITIALIZED_AUTOS = YES_AGGRESSIVE;
				GCC_WARN_UNUSED_FUNCTION = YES;
				GCC_WARN_UNUSED_VARIABLE = YES;
				IPHONEOS_DEPLOYMENT_TARGET = 16.1;
				MTL_ENABLE_DEBUG_INFO = INCLUDE_SOURCE;
				MTL_FAST_MATH = YES;
				ONLY_ACTIVE_ARCH = YES;
				SDKROOT = iphoneos;
				SWIFT_ACTIVE_COMPILATION_CONDITIONS = DEBUG;
				SWIFT_OPTIMIZATION_LEVEL = "-Onone";
			};
			name = Debug;
		};
		CB2935A72920C5C50069CFD2 /* Release */ = {
			isa = XCBuildConfiguration;
			buildSettings = {
				ALWAYS_SEARCH_USER_PATHS = NO;
				CLANG_ANALYZER_NONNULL = YES;
				CLANG_ANALYZER_NUMBER_OBJECT_CONVERSION = YES_AGGRESSIVE;
				CLANG_CXX_LANGUAGE_STANDARD = "gnu++20";
				CLANG_ENABLE_MODULES = YES;
				CLANG_ENABLE_OBJC_ARC = YES;
				CLANG_ENABLE_OBJC_WEAK = YES;
				CLANG_WARN_BLOCK_CAPTURE_AUTORELEASING = YES;
				CLANG_WARN_BOOL_CONVERSION = YES;
				CLANG_WARN_COMMA = YES;
				CLANG_WARN_CONSTANT_CONVERSION = YES;
				CLANG_WARN_DEPRECATED_OBJC_IMPLEMENTATIONS = YES;
				CLANG_WARN_DIRECT_OBJC_ISA_USAGE = YES_ERROR;
				CLANG_WARN_DOCUMENTATION_COMMENTS = YES;
				CLANG_WARN_EMPTY_BODY = YES;
				CLANG_WARN_ENUM_CONVERSION = YES;
				CLANG_WARN_INFINITE_RECURSION = YES;
				CLANG_WARN_INT_CONVERSION = YES;
				CLANG_WARN_NON_LITERAL_NULL_CONVERSION = YES;
				CLANG_WARN_OBJC_IMPLICIT_RETAIN_SELF = YES;
				CLANG_WARN_OBJC_LITERAL_CONVERSION = YES;
				CLANG_WARN_OBJC_ROOT_CLASS = YES_ERROR;
				CLANG_WARN_QUOTED_INCLUDE_IN_FRAMEWORK_HEADER = YES;
				CLANG_WARN_RANGE_LOOP_ANALYSIS = YES;
				CLANG_WARN_STRICT_PROTOTYPES = YES;
				CLANG_WARN_SUSPICIOUS_MOVE = YES;
				CLANG_WARN_UNGUARDED_AVAILABILITY = YES_AGGRESSIVE;
				CLANG_WARN_UNREACHABLE_CODE = YES;
				CLANG_WARN__DUPLICATE_METHOD_MATCH = YES;
				COPY_PHASE_STRIP = NO;
				DEBUG_INFORMATION_FORMAT = "dwarf-with-dsym";
				ENABLE_NS_ASSERTIONS = NO;
				ENABLE_STRICT_OBJC_MSGSEND = YES;
				GCC_C_LANGUAGE_STANDARD = gnu11;
				GCC_NO_COMMON_BLOCKS = YES;
				GCC_WARN_64_TO_32_BIT_CONVERSION = YES;
				GCC_WARN_ABOUT_RETURN_TYPE = YES_ERROR;
				GCC_WARN_UNDECLARED_SELECTOR = YES;
				GCC_WARN_UNINITIALIZED_AUTOS = YES_AGGRESSIVE;
				GCC_WARN_UNUSED_FUNCTION = YES;
				GCC_WARN_UNUSED_VARIABLE = YES;
				IPHONEOS_DEPLOYMENT_TARGET = 16.1;
				MTL_ENABLE_DEBUG_INFO = NO;
				MTL_FAST_MATH = YES;
				SDKROOT = iphoneos;
				SWIFT_COMPILATION_MODE = wholemodule;
				SWIFT_OPTIMIZATION_LEVEL = "-O";
				VALIDATE_PRODUCT = YES;
			};
			name = Release;
		};
		CB2935A92920C5C50069CFD2 /* Debug */ = {
			isa = XCBuildConfiguration;
			buildSettings = {
				ASSETCATALOG_COMPILER_APPICON_NAME = AppIcon;
				ASSETCATALOG_COMPILER_GLOBAL_ACCENT_COLOR_NAME = AccentColor;
				CODE_SIGN_STYLE = Automatic;
				CURRENT_PROJECT_VERSION = 1;
				DEVELOPMENT_TEAM = L25P458JW2;
				GENERATE_INFOPLIST_FILE = YES;
				INFOPLIST_FILE = ServiceCall/Info.plist;
				INFOPLIST_KEY_UIApplicationSupportsIndirectInputEvents = YES;
				INFOPLIST_KEY_UILaunchStoryboardName = LaunchScreen;
				INFOPLIST_KEY_UIMainStoryboardFile = Main;
				INFOPLIST_KEY_UISupportedInterfaceOrientations_iPad = "UIInterfaceOrientationPortrait UIInterfaceOrientationPortraitUpsideDown UIInterfaceOrientationLandscapeLeft UIInterfaceOrientationLandscapeRight";
				INFOPLIST_KEY_UISupportedInterfaceOrientations_iPhone = "UIInterfaceOrientationPortrait UIInterfaceOrientationLandscapeLeft UIInterfaceOrientationLandscapeRight";
				LD_RUNPATH_SEARCH_PATHS = (
					"$(inherited)",
					"@executable_path/Frameworks",
				);
				MARKETING_VERSION = 1.0;
				PRODUCT_BUNDLE_IDENTIFIER = com.kaanyildirim.ServiceCall;
				PRODUCT_NAME = "$(TARGET_NAME)";
				SWIFT_EMIT_LOC_STRINGS = YES;
				SWIFT_VERSION = 5.0;
				TARGETED_DEVICE_FAMILY = "1,2";
			};
			name = Debug;
		};
		CB2935AA2920C5C50069CFD2 /* Release */ = {
			isa = XCBuildConfiguration;
			buildSettings = {
				ASSETCATALOG_COMPILER_APPICON_NAME = AppIcon;
				ASSETCATALOG_COMPILER_GLOBAL_ACCENT_COLOR_NAME = AccentColor;
				CODE_SIGN_STYLE = Automatic;
				CURRENT_PROJECT_VERSION = 1;
				DEVELOPMENT_TEAM = L25P458JW2;
				GENERATE_INFOPLIST_FILE = YES;
				INFOPLIST_FILE = ServiceCall/Info.plist;
				INFOPLIST_KEY_UIApplicationSupportsIndirectInputEvents = YES;
				INFOPLIST_KEY_UILaunchStoryboardName = LaunchScreen;
				INFOPLIST_KEY_UIMainStoryboardFile = Main;
				INFOPLIST_KEY_UISupportedInterfaceOrientations_iPad = "UIInterfaceOrientationPortrait UIInterfaceOrientationPortraitUpsideDown UIInterfaceOrientationLandscapeLeft UIInterfaceOrientationLandscapeRight";
				INFOPLIST_KEY_UISupportedInterfaceOrientations_iPhone = "UIInterfaceOrientationPortrait UIInterfaceOrientationLandscapeLeft UIInterfaceOrientationLandscapeRight";
				LD_RUNPATH_SEARCH_PATHS = (
					"$(inherited)",
					"@executable_path/Frameworks",
				);
				MARKETING_VERSION = 1.0;
				PRODUCT_BUNDLE_IDENTIFIER = com.kaanyildirim.ServiceCall;
				PRODUCT_NAME = "$(TARGET_NAME)";
				SWIFT_EMIT_LOC_STRINGS = YES;
				SWIFT_VERSION = 5.0;
				TARGETED_DEVICE_FAMILY = "1,2";
			};
			name = Release;
		};
/* End XCBuildConfiguration section */

/* Begin XCConfigurationList section */
		CB29358F2920C5C30069CFD2 /* Build configuration list for PBXProject "ServiceCall" */ = {
			isa = XCConfigurationList;
			buildConfigurations = (
				CB2935A62920C5C50069CFD2 /* Debug */,
				CB2935A72920C5C50069CFD2 /* Release */,
			);
			defaultConfigurationIsVisible = 0;
			defaultConfigurationName = Release;
		};
		CB2935A82920C5C50069CFD2 /* Build configuration list for PBXNativeTarget "ServiceCall" */ = {
			isa = XCConfigurationList;
			buildConfigurations = (
				CB2935A92920C5C50069CFD2 /* Debug */,
				CB2935AA2920C5C50069CFD2 /* Release */,
			);
			defaultConfigurationIsVisible = 0;
			defaultConfigurationName = Release;
		};
/* End XCConfigurationList section */
	};
	rootObject = CB29358C2920C5C30069CFD2 /* Project object */;
}
